// !$*UTF8*$!
{
	archiveVersion = 1;
	classes = {
	};
	objectVersion = 47;
	objects = {

/* Begin PBXBuildFile section */
		00C302E51ABCBA2D00DB3ED1 /* libRCTActionSheet.a in Frameworks */ = {isa = PBXBuildFile; fileRef = 00C302AC1ABCB8CE00DB3ED1 /* libRCTActionSheet.a */; };
		00C302E71ABCBA2D00DB3ED1 /* libRCTGeolocation.a in Frameworks */ = {isa = PBXBuildFile; fileRef = 00C302BA1ABCB90400DB3ED1 /* libRCTGeolocation.a */; };
		00C302E81ABCBA2D00DB3ED1 /* libRCTImage.a in Frameworks */ = {isa = PBXBuildFile; fileRef = 00C302C01ABCB91800DB3ED1 /* libRCTImage.a */; };
		00C302E91ABCBA2D00DB3ED1 /* libRCTNetwork.a in Frameworks */ = {isa = PBXBuildFile; fileRef = 00C302DC1ABCB9D200DB3ED1 /* libRCTNetwork.a */; };
		00C302EA1ABCBA2D00DB3ED1 /* libRCTVibration.a in Frameworks */ = {isa = PBXBuildFile; fileRef = 00C302E41ABCB9EE00DB3ED1 /* libRCTVibration.a */; };
		09DCEB9E846F435EA495890F /* libReactNativeConfig.a in Frameworks */ = {isa = PBXBuildFile; fileRef = E16378960FC74875ABF38617 /* libReactNativeConfig.a */; };
		133E29F31AD74F7200F7D852 /* libRCTLinking.a in Frameworks */ = {isa = PBXBuildFile; fileRef = 78C398B91ACF4ADC00677621 /* libRCTLinking.a */; };
		139105C61AF99C1200B5F7CC /* libRCTSettings.a in Frameworks */ = {isa = PBXBuildFile; fileRef = 139105C11AF99BAD00B5F7CC /* libRCTSettings.a */; };
		139FDEF61B0652A700C62182 /* libRCTWebSocket.a in Frameworks */ = {isa = PBXBuildFile; fileRef = 139FDEF41B06529B00C62182 /* libRCTWebSocket.a */; };
		13B07FBC1A68108700A75B9A /* AppDelegate.m in Sources */ = {isa = PBXBuildFile; fileRef = 13B07FB01A68108700A75B9A /* AppDelegate.m */; };
		13B07FBD1A68108700A75B9A /* LaunchScreen.xib in Resources */ = {isa = PBXBuildFile; fileRef = 13B07FB11A68108700A75B9A /* LaunchScreen.xib */; };
		13B07FBF1A68108700A75B9A /* Images.xcassets in Resources */ = {isa = PBXBuildFile; fileRef = 13B07FB51A68108700A75B9A /* Images.xcassets */; };
		146834051AC3E58100842450 /* libReact.a in Frameworks */ = {isa = PBXBuildFile; fileRef = 146834041AC3E56700842450 /* libReact.a */; };
		378C96A13ACC4342A2533363 /* AddressBook.framework in Frameworks */ = {isa = PBXBuildFile; fileRef = 3E21C5AC4D364637AC1D745C /* AddressBook.framework */; };
		3E1B9DB11DD0E4BB00261358 /* GoogleService-Info.plist in Resources */ = {isa = PBXBuildFile; fileRef = 3E1B9DB01DD0E4BA00261358 /* GoogleService-Info.plist */; };
		536A88D3A1B54A7E8E0BC2CF /* libRCTOrientation.a in Frameworks */ = {isa = PBXBuildFile; fileRef = AAA17D08BF2A415C8576E351 /* libRCTOrientation.a */; };
		740C23A33AC5436A844C9FAF /* SafariServices.framework in Frameworks */ = {isa = PBXBuildFile; fileRef = 313D8C69AB544EBFA4D0560F /* SafariServices.framework */; };
		74A00230789F4AAB9C8ABC4C /* SystemConfiguration.framework in Frameworks */ = {isa = PBXBuildFile; fileRef = 5E536DE455634319B487EF55 /* SystemConfiguration.framework */; };
		76AC243849B54DA49E17D3CF /* libRNGoogleSignin.a in Frameworks */ = {isa = PBXBuildFile; fileRef = D71B5767084B478683782EEB /* libRNGoogleSignin.a */; };
		7F5261518C09698979DB1ABD /* libPods-cabin.a in Frameworks */ = {isa = PBXBuildFile; fileRef = 1C0270A6CD385AC2BB94FB6B /* libPods-cabin.a */; };
		806BE5779C0741359CCC201D /* libReactNativeNavigation.a in Frameworks */ = {isa = PBXBuildFile; fileRef = 7A81E549F1A3401FBEA6B1F0 /* libReactNativeNavigation.a */; };
		832341BD1AAA6AB300B99B32 /* libRCTText.a in Frameworks */ = {isa = PBXBuildFile; fileRef = 832341B51AAA6A8300B99B32 /* libRCTText.a */; };
		8C962EA7EB0148E4BC5D170A /* libRNSnackbar.a in Frameworks */ = {isa = PBXBuildFile; fileRef = 2123359850AC46B3B806EFCB /* libRNSnackbar.a */; };
		8D9EC85DE142463C82D749BA /* libz.tbd in Frameworks */ = {isa = PBXBuildFile; fileRef = FAB8C7D67DD44F3ABC4728A2 /* libz.tbd */; };
		8E5BABED1BB02D8E00D0FDEF /* Security.framework in Frameworks */ = {isa = PBXBuildFile; fileRef = 8E5BABEC1BB02D8E00D0FDEF /* Security.framework */; };
		8E5BABEF1BB02DBD00D0FDEF /* libicucore.tbd in Frameworks */ = {isa = PBXBuildFile; fileRef = 8E5BABEE1BB02DBD00D0FDEF /* libicucore.tbd */; };
		8E5BABF11BB02DC600D0FDEF /* CFNetwork.framework in Frameworks */ = {isa = PBXBuildFile; fileRef = 8E5BABF01BB02DC600D0FDEF /* CFNetwork.framework */; };
		A517A8B71DB8CA7200526A06 /* Release+Dictionary.m in Sources */ = {isa = PBXBuildFile; fileRef = A517A8B61DB8CA7200526A06 /* Release+Dictionary.m */; };
		A563997A1D48F5A9000C7C24 /* GRPCManager.m in Sources */ = {isa = PBXBuildFile; fileRef = A56399791D48F5A9000C7C24 /* GRPCManager.m */; };
		A56492E51D3527DF00C1DF4F /* libSafariViewManager.a in Frameworks */ = {isa = PBXBuildFile; fileRef = A56492E41D351C6500C1DF4F /* libSafariViewManager.a */; };
		A579E6681BD5451100CD8E2C /* libRCTPushNotification.a in Frameworks */ = {isa = PBXBuildFile; fileRef = A579E6611BD5420500CD8E2C /* libRCTPushNotification.a */; };
		A57CE1941F57357600C0E7E0 /* libRCTAnimation.a in Frameworks */ = {isa = PBXBuildFile; fileRef = A57CE1911F57355B00C0E7E0 /* libRCTAnimation.a */; };
		A5839BD61D9C0D6C00A932EB /* SKPNetwork.m in Sources */ = {isa = PBXBuildFile; fileRef = A5839BD51D9C0D6C00A932EB /* SKPNetwork.m */; };
		A597EF3A1D629817009298F5 /* libHelm.a in Frameworks */ = {isa = PBXBuildFile; fileRef = A597EF391D629817009298F5 /* libHelm.a */; };
		A5A32C3C1DF1C8A8004D8475 /* RCTSRWebSocket+SSL.m in Sources */ = {isa = PBXBuildFile; fileRef = A5A32C3B1DF1C8A8004D8475 /* RCTSRWebSocket+SSL.m */; };
		A5B2F11E1BD62E0100CF6A12 /* libRCTCameraRoll.a in Frameworks */ = {isa = PBXBuildFile; fileRef = A5B2F1121BD62DAC00CF6A12 /* libRCTCameraRoll.a */; };
		A5C7526F305E4C41BF020DF9 /* libRNFS.a in Frameworks */ = {isa = PBXBuildFile; fileRef = F5B55EBA477B4146B6956C5C /* libRNFS.a */; };
		A5E22FB61F607D8400543FDD /* libRCTMaterialKit.a in Frameworks */ = {isa = PBXBuildFile; fileRef = A5E22FB51F607D8400543FDD /* libRCTMaterialKit.a */; };
		A5E428441C57A85C00C5B9EC /* CoreFoundation.framework in Frameworks */ = {isa = PBXBuildFile; fileRef = A5E428431C57A85C00C5B9EC /* CoreFoundation.framework */; settings = {ATTRIBUTES = (Weak, ); }; };
		A5E428461C57A86100C5B9EC /* UIKit.framework in Frameworks */ = {isa = PBXBuildFile; fileRef = A5E428451C57A86100C5B9EC /* UIKit.framework */; settings = {ATTRIBUTES = (Weak, ); }; };
		A5EF5CCA1BD62590002D794B /* main.m in Sources */ = {isa = PBXBuildFile; fileRef = 13B07FB71A68108700A75B9A /* main.m */; };
		DE17D0200A7144689792CE1E /* libRNFetchBlob.a in Frameworks */ = {isa = PBXBuildFile; fileRef = 555F917E5DF242319924B978 /* libRNFetchBlob.a */; };
/* End PBXBuildFile section */

/* Begin PBXContainerItemProxy section */
		00C302AB1ABCB8CE00DB3ED1 /* PBXContainerItemProxy */ = {
			isa = PBXContainerItemProxy;
			containerPortal = 00C302A71ABCB8CE00DB3ED1 /* RCTActionSheet.xcodeproj */;
			proxyType = 2;
			remoteGlobalIDString = 134814201AA4EA6300B7C361;
			remoteInfo = RCTActionSheet;
		};
		00C302B91ABCB90400DB3ED1 /* PBXContainerItemProxy */ = {
			isa = PBXContainerItemProxy;
			containerPortal = 00C302B51ABCB90400DB3ED1 /* RCTGeolocation.xcodeproj */;
			proxyType = 2;
			remoteGlobalIDString = 134814201AA4EA6300B7C361;
			remoteInfo = RCTGeolocation;
		};
		00C302BF1ABCB91800DB3ED1 /* PBXContainerItemProxy */ = {
			isa = PBXContainerItemProxy;
			containerPortal = 00C302BB1ABCB91800DB3ED1 /* RCTImage.xcodeproj */;
			proxyType = 2;
			remoteGlobalIDString = 58B5115D1A9E6B3D00147676;
			remoteInfo = RCTImage;
		};
		00C302DB1ABCB9D200DB3ED1 /* PBXContainerItemProxy */ = {
			isa = PBXContainerItemProxy;
			containerPortal = 00C302D31ABCB9D200DB3ED1 /* RCTNetwork.xcodeproj */;
			proxyType = 2;
			remoteGlobalIDString = 58B511DB1A9E6C8500147676;
			remoteInfo = RCTNetwork;
		};
		00C302E31ABCB9EE00DB3ED1 /* PBXContainerItemProxy */ = {
			isa = PBXContainerItemProxy;
			containerPortal = 00C302DF1ABCB9EE00DB3ED1 /* RCTVibration.xcodeproj */;
			proxyType = 2;
			remoteGlobalIDString = 832C81801AAF6DEF007FA2F7;
			remoteInfo = RCTVibration;
		};
		139105C01AF99BAD00B5F7CC /* PBXContainerItemProxy */ = {
			isa = PBXContainerItemProxy;
			containerPortal = 139105B61AF99BAD00B5F7CC /* RCTSettings.xcodeproj */;
			proxyType = 2;
			remoteGlobalIDString = 134814201AA4EA6300B7C361;
			remoteInfo = RCTSettings;
		};
		139FDEF31B06529B00C62182 /* PBXContainerItemProxy */ = {
			isa = PBXContainerItemProxy;
			containerPortal = 139FDEE61B06529A00C62182 /* RCTWebSocket.xcodeproj */;
			proxyType = 2;
			remoteGlobalIDString = 3C86DF461ADF2C930047B81A;
			remoteInfo = RCTWebSocket;
		};
		146834031AC3E56700842450 /* PBXContainerItemProxy */ = {
			isa = PBXContainerItemProxy;
			containerPortal = 146833FF1AC3E56700842450 /* React.xcodeproj */;
			proxyType = 2;
			remoteGlobalIDString = 83CBBA2E1A601D0E00E9B192;
			remoteInfo = React;
		};
		78C398B81ACF4ADC00677621 /* PBXContainerItemProxy */ = {
			isa = PBXContainerItemProxy;
			containerPortal = 78C398B01ACF4ADC00677621 /* RCTLinking.xcodeproj */;
			proxyType = 2;
			remoteGlobalIDString = 134814201AA4EA6300B7C361;
			remoteInfo = RCTLinking;
		};
		832341B41AAA6A8300B99B32 /* PBXContainerItemProxy */ = {
			isa = PBXContainerItemProxy;
			containerPortal = 832341B01AAA6A8300B99B32 /* RCTText.xcodeproj */;
			proxyType = 2;
			remoteGlobalIDString = 58B5119B1A9E6C1200147676;
			remoteInfo = RCTText;
		};
		8E0BE7B91BDA688E00C4BA5A /* PBXContainerItemProxy */ = {
			isa = PBXContainerItemProxy;
			containerPortal = A5B2F11F1BD62F7600CF6A12 /* RCTTest.xcodeproj */;
			proxyType = 2;
			remoteGlobalIDString = 580C376F1AB104AF0015E709;
			remoteInfo = RCTTest;
		};
		A50BC79C1F7E6D0800A52E9A /* PBXContainerItemProxy */ = {
			isa = PBXContainerItemProxy;
			containerPortal = DB1BB2489B354205A6BCE570 /* ReactNativeNavigation.xcodeproj */;
			proxyType = 2;
			remoteGlobalIDString = D8AFADBD1BEE6F3F00A4592D;
			remoteInfo = ReactNativeNavigation;
		};
		A50C41161F9F39C500681133 /* PBXContainerItemProxy */ = {
			isa = PBXContainerItemProxy;
			containerPortal = 5D3569ED397149DB915A75CD /* RNGoogleSignin.xcodeproj */;
			proxyType = 2;
			remoteGlobalIDString = 9FD355121D3E4A2900D06170;
			remoteInfo = RNGoogleSignin;
		};
		A51517DD1F338BE900C51796 /* PBXContainerItemProxy */ = {
			isa = PBXContainerItemProxy;
			containerPortal = 146833FF1AC3E56700842450 /* React.xcodeproj */;
			proxyType = 1;
			remoteGlobalIDString = 83CBBA2D1A601D0E00E9B192;
			remoteInfo = React;
		};
		A51518011F338BE900C51796 /* PBXContainerItemProxy */ = {
			isa = PBXContainerItemProxy;
			containerPortal = 146833FF1AC3E56700842450 /* React.xcodeproj */;
			proxyType = 2;
			remoteGlobalIDString = 139D7ECE1E25DB7D00323FB7;
			remoteInfo = "third-party";
		};
		A51518031F338BE900C51796 /* PBXContainerItemProxy */ = {
			isa = PBXContainerItemProxy;
			containerPortal = 146833FF1AC3E56700842450 /* React.xcodeproj */;
			proxyType = 2;
			remoteGlobalIDString = 3D383D3C1EBD27B6005632C8;
			remoteInfo = "third-party-tvOS";
		};
		A51518051F338BE900C51796 /* PBXContainerItemProxy */ = {
			isa = PBXContainerItemProxy;
			containerPortal = 146833FF1AC3E56700842450 /* React.xcodeproj */;
			proxyType = 2;
			remoteGlobalIDString = 139D7E881E25C6D100323FB7;
			remoteInfo = "double-conversion";
		};
		A51518071F338BE900C51796 /* PBXContainerItemProxy */ = {
			isa = PBXContainerItemProxy;
			containerPortal = 146833FF1AC3E56700842450 /* React.xcodeproj */;
			proxyType = 2;
			remoteGlobalIDString = 3D383D621EBD27B9005632C8;
			remoteInfo = "double-conversion-tvOS";
		};
		A515180C1F338BE900C51796 /* PBXContainerItemProxy */ = {
			isa = PBXContainerItemProxy;
			containerPortal = 3C431AFC416248F48E7594D4 /* RNFS.xcodeproj */;
			proxyType = 2;
			remoteGlobalIDString = 6456441F1EB8DA9100672408;
			remoteInfo = "RNFS-tvOS";
		};
		A54A18C61F8B37FE00D9A724 /* PBXContainerItemProxy */ = {
			isa = PBXContainerItemProxy;
			containerPortal = 858A3C2BA9134592BFA0635E /* RNSnackbar.xcodeproj */;
			proxyType = 2;
			remoteGlobalIDString = 4114DC4C1C187C3A003CD988;
			remoteInfo = RNSnackbar;
		};
		A5581C8F1DDBCDF400C384A9 /* PBXContainerItemProxy */ = {
			isa = PBXContainerItemProxy;
			containerPortal = A579E65C1BD5420500CD8E2C /* RCTPushNotification.xcodeproj */;
			proxyType = 2;
			remoteGlobalIDString = 2DD0EFE61DA8533A00B0C975;
			remoteInfo = "RCTPushNotification-tvOS";
		};
		A56492E31D351C6500C1DF4F /* PBXContainerItemProxy */ = {
			isa = PBXContainerItemProxy;
			containerPortal = A56492D21D351C6500C1DF4F /* SafariViewManager.xcodeproj */;
			proxyType = 2;
			remoteGlobalIDString = 134814201AA4EA6300B7C361;
			remoteInfo = SafariViewManager;
		};
		A579E6601BD5420500CD8E2C /* PBXContainerItemProxy */ = {
			isa = PBXContainerItemProxy;
			containerPortal = A579E65C1BD5420500CD8E2C /* RCTPushNotification.xcodeproj */;
			proxyType = 2;
			remoteGlobalIDString = 134814201AA4EA6300B7C361;
			remoteInfo = RCTPushNotification;
		};
		A57CE1851F572EE300C0E7E0 /* PBXContainerItemProxy */ = {
			isa = PBXContainerItemProxy;
			containerPortal = 48CFFEAC0F7647DC94BD7FE1 /* RNFetchBlob.xcodeproj */;
			proxyType = 2;
			remoteGlobalIDString = A15C300E1CD25C330074CB35;
			remoteInfo = RNFetchBlob;
		};
		A57CE1901F57355B00C0E7E0 /* PBXContainerItemProxy */ = {
			isa = PBXContainerItemProxy;
			containerPortal = A57CE18B1F57355B00C0E7E0 /* RCTAnimation.xcodeproj */;
			proxyType = 2;
			remoteGlobalIDString = 134814201AA4EA6300B7C361;
			remoteInfo = RCTAnimation;
		};
		A57CE1921F57355B00C0E7E0 /* PBXContainerItemProxy */ = {
			isa = PBXContainerItemProxy;
			containerPortal = A57CE18B1F57355B00C0E7E0 /* RCTAnimation.xcodeproj */;
			proxyType = 2;
			remoteGlobalIDString = 2D2A28201D9B03D100D4039D;
			remoteInfo = "RCTAnimation-tvOS";
		};
		A59A172F1D587FD400B94091 /* PBXContainerItemProxy */ = {
			isa = PBXContainerItemProxy;
			containerPortal = E368F5948C46435480D38BB9 /* RCTOrientation.xcodeproj */;
			proxyType = 2;
			remoteGlobalIDString = 134814201AA4EA6300B7C361;
			remoteInfo = RCTOrientation;
		};
		A5AA51D71DC73D2400555C76 /* PBXContainerItemProxy */ = {
			isa = PBXContainerItemProxy;
			containerPortal = 00C302BB1ABCB91800DB3ED1 /* RCTImage.xcodeproj */;
			proxyType = 2;
			remoteGlobalIDString = 2D2A283A1D9B042B00D4039D;
			remoteInfo = "RCTImage-tvOS";
		};
		A5AA51DB1DC73D2400555C76 /* PBXContainerItemProxy */ = {
			isa = PBXContainerItemProxy;
			containerPortal = 78C398B01ACF4ADC00677621 /* RCTLinking.xcodeproj */;
			proxyType = 2;
			remoteGlobalIDString = 2D2A28471D9B043800D4039D;
			remoteInfo = "RCTLinking-tvOS";
		};
		A5AA51DF1DC73D2400555C76 /* PBXContainerItemProxy */ = {
			isa = PBXContainerItemProxy;
			containerPortal = 00C302D31ABCB9D200DB3ED1 /* RCTNetwork.xcodeproj */;
			proxyType = 2;
			remoteGlobalIDString = 2D2A28541D9B044C00D4039D;
			remoteInfo = "RCTNetwork-tvOS";
		};
		A5AA51E51DC73D2400555C76 /* PBXContainerItemProxy */ = {
			isa = PBXContainerItemProxy;
			containerPortal = 139105B61AF99BAD00B5F7CC /* RCTSettings.xcodeproj */;
			proxyType = 2;
			remoteGlobalIDString = 2D2A28611D9B046600D4039D;
			remoteInfo = "RCTSettings-tvOS";
		};
		A5AA51E91DC73D2400555C76 /* PBXContainerItemProxy */ = {
			isa = PBXContainerItemProxy;
			containerPortal = A5B2F11F1BD62F7600CF6A12 /* RCTTest.xcodeproj */;
			proxyType = 2;
			remoteGlobalIDString = 2D2A286E1D9B047700D4039D;
			remoteInfo = "RCTTest-tvOS";
		};
		A5AA51ED1DC73D2400555C76 /* PBXContainerItemProxy */ = {
			isa = PBXContainerItemProxy;
			containerPortal = 832341B01AAA6A8300B99B32 /* RCTText.xcodeproj */;
			proxyType = 2;
			remoteGlobalIDString = 2D2A287B1D9B048500D4039D;
			remoteInfo = "RCTText-tvOS";
		};
		A5AA51F21DC73D2400555C76 /* PBXContainerItemProxy */ = {
			isa = PBXContainerItemProxy;
			containerPortal = 139FDEE61B06529A00C62182 /* RCTWebSocket.xcodeproj */;
			proxyType = 2;
			remoteGlobalIDString = 2D2A28881D9B049200D4039D;
			remoteInfo = "RCTWebSocket-tvOS";
		};
		A5AA51F61DC73D2400555C76 /* PBXContainerItemProxy */ = {
			isa = PBXContainerItemProxy;
			containerPortal = 146833FF1AC3E56700842450 /* React.xcodeproj */;
			proxyType = 2;
			remoteGlobalIDString = 2D2A28131D9B038B00D4039D;
			remoteInfo = "React-tvOS";
		};
		A5B2F1111BD62DAC00CF6A12 /* PBXContainerItemProxy */ = {
			isa = PBXContainerItemProxy;
			containerPortal = A5B2F10C1BD62DAC00CF6A12 /* RCTCameraRoll.xcodeproj */;
			proxyType = 2;
			remoteGlobalIDString = 58B5115D1A9E6B3D00147676;
			remoteInfo = RCTCameraRoll;
		};
		A5C6FD8A1BF9FB260057C13B /* PBXContainerItemProxy */ = {
			isa = PBXContainerItemProxy;
			containerPortal = A5C6FD781BF9FB260057C13B /* RNClipboard.xcodeproj */;
			proxyType = 2;
			remoteGlobalIDString = 93D925B51B577A3A0021F250;
			remoteInfo = RNClipboard;
		};
		A5E22FBA1F607FFB00543FDD /* PBXContainerItemProxy */ = {
			isa = PBXContainerItemProxy;
			containerPortal = 1EFA7B2FDA29490B986B7C9A /* RCTMaterialKit.xcodeproj */;
			proxyType = 2;
			remoteGlobalIDString = 8A1B8E771B22E4E300DB45C2;
			remoteInfo = RCTMaterialKit;
		};
		A5EAD80A1E70E19200D25CEB /* PBXContainerItemProxy */ = {
			isa = PBXContainerItemProxy;
			containerPortal = 146833FF1AC3E56700842450 /* React.xcodeproj */;
			proxyType = 2;
			remoteGlobalIDString = 3D3C059A1DE3340900C268FA;
			remoteInfo = yoga;
		};
		A5EAD80C1E70E19200D25CEB /* PBXContainerItemProxy */ = {
			isa = PBXContainerItemProxy;
			containerPortal = 146833FF1AC3E56700842450 /* React.xcodeproj */;
			proxyType = 2;
			remoteGlobalIDString = 3D3C06751DE3340C00C268FA;
			remoteInfo = "yoga-tvOS";
		};
		A5EAD80E1E70E19200D25CEB /* PBXContainerItemProxy */ = {
			isa = PBXContainerItemProxy;
			containerPortal = 146833FF1AC3E56700842450 /* React.xcodeproj */;
			proxyType = 2;
			remoteGlobalIDString = 3D3CD9251DE5FBEC00167DC4;
			remoteInfo = cxxreact;
		};
		A5EAD8101E70E19200D25CEB /* PBXContainerItemProxy */ = {
			isa = PBXContainerItemProxy;
			containerPortal = 146833FF1AC3E56700842450 /* React.xcodeproj */;
			proxyType = 2;
			remoteGlobalIDString = 3D3CD9321DE5FBEE00167DC4;
			remoteInfo = "cxxreact-tvOS";
		};
		A5EAD8121E70E19200D25CEB /* PBXContainerItemProxy */ = {
			isa = PBXContainerItemProxy;
			containerPortal = 146833FF1AC3E56700842450 /* React.xcodeproj */;
			proxyType = 2;
			remoteGlobalIDString = 3D3CD90B1DE5FBD600167DC4;
			remoteInfo = jschelpers;
		};
		A5EAD8141E70E19200D25CEB /* PBXContainerItemProxy */ = {
			isa = PBXContainerItemProxy;
			containerPortal = 146833FF1AC3E56700842450 /* React.xcodeproj */;
			proxyType = 2;
			remoteGlobalIDString = 3D3CD9181DE5FBD800167DC4;
			remoteInfo = "jschelpers-tvOS";
		};
		A5F20DD81E7C57FC00113DAA /* PBXContainerItemProxy */ = {
			isa = PBXContainerItemProxy;
			containerPortal = D921C694E10C4E8DB6C7D3E5 /* ReactNativeConfig.xcodeproj */;
			proxyType = 2;
			remoteGlobalIDString = EB2648DF1C7BE17A00B8F155;
			remoteInfo = ReactNativeConfig;
		};
		A5F880241DE85AEE004C2728 /* PBXContainerItemProxy */ = {
			isa = PBXContainerItemProxy;
			containerPortal = 3C431AFC416248F48E7594D4 /* RNFS.xcodeproj */;
			proxyType = 2;
			remoteGlobalIDString = F12AFB9B1ADAF8F800E0535D;
			remoteInfo = RNFS;
		};
/* End PBXContainerItemProxy section */

/* Begin PBXCopyFilesBuildPhase section */
		A579E66E1BD5451E00CD8E2C /* Embed Frameworks */ = {
			isa = PBXCopyFilesBuildPhase;
			buildActionMask = 12;
			dstPath = "";
			dstSubfolderSpec = 10;
			files = (
			);
			name = "Embed Frameworks";
			runOnlyForDeploymentPostprocessing = 0;
		};
		A5E71D4D1CB4F72400EEA745 /* Embed App Extensions */ = {
			isa = PBXCopyFilesBuildPhase;
			buildActionMask = 2147483647;
			dstPath = "";
			dstSubfolderSpec = 13;
			files = (
			);
			name = "Embed App Extensions";
			runOnlyForDeploymentPostprocessing = 0;
		};
/* End PBXCopyFilesBuildPhase section */

/* Begin PBXFileReference section */
		00C302A71ABCB8CE00DB3ED1 /* RCTActionSheet.xcodeproj */ = {isa = PBXFileReference; lastKnownFileType = "wrapper.pb-project"; name = RCTActionSheet.xcodeproj; path = "../node_modules/react-native/Libraries/ActionSheetIOS/RCTActionSheet.xcodeproj"; sourceTree = "<group>"; };
		00C302B51ABCB90400DB3ED1 /* RCTGeolocation.xcodeproj */ = {isa = PBXFileReference; lastKnownFileType = "wrapper.pb-project"; name = RCTGeolocation.xcodeproj; path = "../node_modules/react-native/Libraries/Geolocation/RCTGeolocation.xcodeproj"; sourceTree = "<group>"; };
		00C302BB1ABCB91800DB3ED1 /* RCTImage.xcodeproj */ = {isa = PBXFileReference; lastKnownFileType = "wrapper.pb-project"; name = RCTImage.xcodeproj; path = "../node_modules/react-native/Libraries/Image/RCTImage.xcodeproj"; sourceTree = "<group>"; };
		00C302D31ABCB9D200DB3ED1 /* RCTNetwork.xcodeproj */ = {isa = PBXFileReference; lastKnownFileType = "wrapper.pb-project"; name = RCTNetwork.xcodeproj; path = "../node_modules/react-native/Libraries/Network/RCTNetwork.xcodeproj"; sourceTree = "<group>"; };
		00C302DF1ABCB9EE00DB3ED1 /* RCTVibration.xcodeproj */ = {isa = PBXFileReference; lastKnownFileType = "wrapper.pb-project"; name = RCTVibration.xcodeproj; path = "../node_modules/react-native/Libraries/Vibration/RCTVibration.xcodeproj"; sourceTree = "<group>"; };
		139105B61AF99BAD00B5F7CC /* RCTSettings.xcodeproj */ = {isa = PBXFileReference; lastKnownFileType = "wrapper.pb-project"; name = RCTSettings.xcodeproj; path = "../node_modules/react-native/Libraries/Settings/RCTSettings.xcodeproj"; sourceTree = "<group>"; };
		139FDEE61B06529A00C62182 /* RCTWebSocket.xcodeproj */ = {isa = PBXFileReference; lastKnownFileType = "wrapper.pb-project"; name = RCTWebSocket.xcodeproj; path = "../node_modules/react-native/Libraries/WebSocket/RCTWebSocket.xcodeproj"; sourceTree = "<group>"; };
		13B07F961A680F5B00A75B9A /* cabin.app */ = {isa = PBXFileReference; explicitFileType = wrapper.application; includeInIndex = 0; path = cabin.app; sourceTree = BUILT_PRODUCTS_DIR; };
		13B07FAF1A68108700A75B9A /* AppDelegate.h */ = {isa = PBXFileReference; fileEncoding = 4; lastKnownFileType = sourcecode.c.h; path = AppDelegate.h; sourceTree = "<group>"; };
		13B07FB01A68108700A75B9A /* AppDelegate.m */ = {isa = PBXFileReference; fileEncoding = 4; lastKnownFileType = sourcecode.c.objc; path = AppDelegate.m; sourceTree = "<group>"; };
		13B07FB21A68108700A75B9A /* Base */ = {isa = PBXFileReference; lastKnownFileType = file.xib; name = Base; path = Base.lproj/LaunchScreen.xib; sourceTree = "<group>"; };
		13B07FB51A68108700A75B9A /* Images.xcassets */ = {isa = PBXFileReference; lastKnownFileType = folder.assetcatalog; path = Images.xcassets; sourceTree = "<group>"; };
		13B07FB61A68108700A75B9A /* Info.plist */ = {isa = PBXFileReference; fileEncoding = 4; lastKnownFileType = text.plist.xml; path = Info.plist; sourceTree = "<group>"; };
		13B07FB71A68108700A75B9A /* main.m */ = {isa = PBXFileReference; fileEncoding = 4; lastKnownFileType = sourcecode.c.objc; path = main.m; sourceTree = "<group>"; };
		146833FF1AC3E56700842450 /* React.xcodeproj */ = {isa = PBXFileReference; lastKnownFileType = "wrapper.pb-project"; name = React.xcodeproj; path = "../node_modules/react-native/React/React.xcodeproj"; sourceTree = "<group>"; };
		1C0270A6CD385AC2BB94FB6B /* libPods-cabin.a */ = {isa = PBXFileReference; explicitFileType = archive.ar; includeInIndex = 0; path = "libPods-cabin.a"; sourceTree = BUILT_PRODUCTS_DIR; };
		1EFA7B2FDA29490B986B7C9A /* RCTMaterialKit.xcodeproj */ = {isa = PBXFileReference; explicitFileType = undefined; fileEncoding = 9; includeInIndex = 0; lastKnownFileType = "wrapper.pb-project"; name = RCTMaterialKit.xcodeproj; path = "../node_modules/react-native-material-kit/iOS/RCTMaterialKit.xcodeproj"; sourceTree = "<group>"; };
		2123359850AC46B3B806EFCB /* libRNSnackbar.a */ = {isa = PBXFileReference; explicitFileType = undefined; fileEncoding = 9; includeInIndex = 0; lastKnownFileType = archive.ar; path = libRNSnackbar.a; sourceTree = "<group>"; };
		313D8C69AB544EBFA4D0560F /* SafariServices.framework */ = {isa = PBXFileReference; explicitFileType = undefined; fileEncoding = 9; includeInIndex = 0; lastKnownFileType = wrapper.framework; name = SafariServices.framework; path = System/Library/Frameworks/SafariServices.framework; sourceTree = SDKROOT; };
		3C431AFC416248F48E7594D4 /* RNFS.xcodeproj */ = {isa = PBXFileReference; explicitFileType = undefined; fileEncoding = 9; includeInIndex = 0; lastKnownFileType = "wrapper.pb-project"; name = RNFS.xcodeproj; path = "../node_modules/react-native-fs/RNFS.xcodeproj"; sourceTree = "<group>"; };
		3E1B9DB01DD0E4BA00261358 /* GoogleService-Info.plist */ = {isa = PBXFileReference; fileEncoding = 4; lastKnownFileType = text.plist.xml; path = "GoogleService-Info.plist"; sourceTree = "<group>"; };
		3E21C5AC4D364637AC1D745C /* AddressBook.framework */ = {isa = PBXFileReference; explicitFileType = undefined; fileEncoding = 9; includeInIndex = 0; lastKnownFileType = wrapper.framework; name = AddressBook.framework; path = System/Library/Frameworks/AddressBook.framework; sourceTree = SDKROOT; };
		3EFEA2241DBEFAFC0024B8A3 /* cabin.entitlements */ = {isa = PBXFileReference; lastKnownFileType = text.plist.entitlements; path = cabin.entitlements; sourceTree = "<group>"; };
		48CFFEAC0F7647DC94BD7FE1 /* RNFetchBlob.xcodeproj */ = {isa = PBXFileReference; explicitFileType = undefined; fileEncoding = 9; includeInIndex = 0; lastKnownFileType = "wrapper.pb-project"; name = RNFetchBlob.xcodeproj; path = "../node_modules/react-native-fetch-blob/ios/RNFetchBlob.xcodeproj"; sourceTree = "<group>"; };
		5349BE4043A2232033F0A9C2 /* Pods-cabin.release.xcconfig */ = {isa = PBXFileReference; includeInIndex = 1; lastKnownFileType = text.xcconfig; name = "Pods-cabin.release.xcconfig"; path = "Pods/Target Support Files/Pods-cabin/Pods-cabin.release.xcconfig"; sourceTree = "<group>"; };
		555F917E5DF242319924B978 /* libRNFetchBlob.a */ = {isa = PBXFileReference; explicitFileType = undefined; fileEncoding = 9; includeInIndex = 0; lastKnownFileType = archive.ar; path = libRNFetchBlob.a; sourceTree = "<group>"; };
		5D3569ED397149DB915A75CD /* RNGoogleSignin.xcodeproj */ = {isa = PBXFileReference; explicitFileType = undefined; fileEncoding = 9; includeInIndex = 0; lastKnownFileType = "wrapper.pb-project"; name = RNGoogleSignin.xcodeproj; path = "../node_modules/react-native-google-signin/ios/RNGoogleSignin.xcodeproj"; sourceTree = "<group>"; };
		5E536DE455634319B487EF55 /* SystemConfiguration.framework */ = {isa = PBXFileReference; explicitFileType = undefined; fileEncoding = 9; includeInIndex = 0; lastKnownFileType = wrapper.framework; name = SystemConfiguration.framework; path = System/Library/Frameworks/SystemConfiguration.framework; sourceTree = SDKROOT; };
		78C398B01ACF4ADC00677621 /* RCTLinking.xcodeproj */ = {isa = PBXFileReference; lastKnownFileType = "wrapper.pb-project"; name = RCTLinking.xcodeproj; path = "../node_modules/react-native/Libraries/LinkingIOS/RCTLinking.xcodeproj"; sourceTree = "<group>"; };
		7A81E549F1A3401FBEA6B1F0 /* libReactNativeNavigation.a */ = {isa = PBXFileReference; explicitFileType = undefined; fileEncoding = 9; includeInIndex = 0; lastKnownFileType = archive.ar; path = libReactNativeNavigation.a; sourceTree = "<group>"; };
		832341B01AAA6A8300B99B32 /* RCTText.xcodeproj */ = {isa = PBXFileReference; lastKnownFileType = "wrapper.pb-project"; name = RCTText.xcodeproj; path = "../node_modules/react-native/Libraries/Text/RCTText.xcodeproj"; sourceTree = "<group>"; };
		858A3C2BA9134592BFA0635E /* RNSnackbar.xcodeproj */ = {isa = PBXFileReference; explicitFileType = undefined; fileEncoding = 9; includeInIndex = 0; lastKnownFileType = "wrapper.pb-project"; name = RNSnackbar.xcodeproj; path = "../node_modules/react-native-snackbar/ios/RNSnackbar.xcodeproj"; sourceTree = "<group>"; };
		8E5BABEC1BB02D8E00D0FDEF /* Security.framework */ = {isa = PBXFileReference; lastKnownFileType = wrapper.framework; name = Security.framework; path = System/Library/Frameworks/Security.framework; sourceTree = SDKROOT; };
		8E5BABEE1BB02DBD00D0FDEF /* libicucore.tbd */ = {isa = PBXFileReference; lastKnownFileType = "sourcecode.text-based-dylib-definition"; name = libicucore.tbd; path = usr/lib/libicucore.tbd; sourceTree = SDKROOT; };
		8E5BABF01BB02DC600D0FDEF /* CFNetwork.framework */ = {isa = PBXFileReference; lastKnownFileType = wrapper.framework; name = CFNetwork.framework; path = System/Library/Frameworks/CFNetwork.framework; sourceTree = SDKROOT; };
		99ABFD3D4904A1013DCC9A39 /* Pods-skippbox.release.xcconfig */ = {isa = PBXFileReference; includeInIndex = 1; lastKnownFileType = text.xcconfig; name = "Pods-skippbox.release.xcconfig"; path = "Pods/Target Support Files/Pods-skippbox/Pods-skippbox.release.xcconfig"; sourceTree = "<group>"; };
		A517A8B51DB8CA7200526A06 /* Release+Dictionary.h */ = {isa = PBXFileReference; fileEncoding = 4; lastKnownFileType = sourcecode.c.h; path = "Release+Dictionary.h"; sourceTree = "<group>"; };
		A517A8B61DB8CA7200526A06 /* Release+Dictionary.m */ = {isa = PBXFileReference; fileEncoding = 4; lastKnownFileType = sourcecode.c.objc; path = "Release+Dictionary.m"; sourceTree = "<group>"; };
		A557E0F31CB29D2300C7193B /* NotificationCenter.framework */ = {isa = PBXFileReference; lastKnownFileType = wrapper.framework; name = NotificationCenter.framework; path = System/Library/Frameworks/NotificationCenter.framework; sourceTree = SDKROOT; };
		A56399781D48F5A9000C7C24 /* GRPCManager.h */ = {isa = PBXFileReference; fileEncoding = 4; lastKnownFileType = sourcecode.c.h; path = GRPCManager.h; sourceTree = "<group>"; };
		A56399791D48F5A9000C7C24 /* GRPCManager.m */ = {isa = PBXFileReference; fileEncoding = 4; lastKnownFileType = sourcecode.c.objc; path = GRPCManager.m; sourceTree = "<group>"; };
		A56492D21D351C6500C1DF4F /* SafariViewManager.xcodeproj */ = {isa = PBXFileReference; lastKnownFileType = "wrapper.pb-project"; name = SafariViewManager.xcodeproj; path = "../node_modules/react-native-safari-view/SafariViewManager.xcodeproj"; sourceTree = "<group>"; };
		A56B11E51CB3F11D008CD1B3 /* libz.1.dylib */ = {isa = PBXFileReference; lastKnownFileType = "compiled.mach-o.dylib"; name = libz.1.dylib; path = ../../../../../usr/lib/libz.1.dylib; sourceTree = "<group>"; };
		A579E65C1BD5420500CD8E2C /* RCTPushNotification.xcodeproj */ = {isa = PBXFileReference; lastKnownFileType = "wrapper.pb-project"; name = RCTPushNotification.xcodeproj; path = "../node_modules/react-native/Libraries/PushNotificationIOS/RCTPushNotification.xcodeproj"; sourceTree = "<group>"; };
		A57CE18B1F57355B00C0E7E0 /* RCTAnimation.xcodeproj */ = {isa = PBXFileReference; lastKnownFileType = "wrapper.pb-project"; name = RCTAnimation.xcodeproj; path = "../node_modules/react-native/Libraries/NativeAnimation/RCTAnimation.xcodeproj"; sourceTree = "<group>"; };
		A5839BD41D9C0D6C00A932EB /* SKPNetwork.h */ = {isa = PBXFileReference; fileEncoding = 4; lastKnownFileType = sourcecode.c.h; path = SKPNetwork.h; sourceTree = "<group>"; };
		A5839BD51D9C0D6C00A932EB /* SKPNetwork.m */ = {isa = PBXFileReference; fileEncoding = 4; lastKnownFileType = sourcecode.c.objc; path = SKPNetwork.m; sourceTree = "<group>"; };
		A597EF391D629817009298F5 /* libHelm.a */ = {isa = PBXFileReference; lastKnownFileType = archive.ar; name = libHelm.a; path = "Pods/../build/Debug-iphoneos/Helm/libHelm.a"; sourceTree = "<group>"; };
		A5A32C3A1DF1C8A8004D8475 /* RCTSRWebSocket+SSL.h */ = {isa = PBXFileReference; fileEncoding = 4; lastKnownFileType = sourcecode.c.h; path = "RCTSRWebSocket+SSL.h"; sourceTree = "<group>"; };
		A5A32C3B1DF1C8A8004D8475 /* RCTSRWebSocket+SSL.m */ = {isa = PBXFileReference; fileEncoding = 4; lastKnownFileType = sourcecode.c.objc; path = "RCTSRWebSocket+SSL.m"; sourceTree = "<group>"; };
		A5B2F10C1BD62DAC00CF6A12 /* RCTCameraRoll.xcodeproj */ = {isa = PBXFileReference; lastKnownFileType = "wrapper.pb-project"; name = RCTCameraRoll.xcodeproj; path = "../node_modules/react-native/Libraries/CameraRoll/RCTCameraRoll.xcodeproj"; sourceTree = "<group>"; };
		A5B2F11F1BD62F7600CF6A12 /* RCTTest.xcodeproj */ = {isa = PBXFileReference; lastKnownFileType = "wrapper.pb-project"; name = RCTTest.xcodeproj; path = "../node_modules/react-native/Libraries/RCTTest/RCTTest.xcodeproj"; sourceTree = "<group>"; };
		A5C444681BCBE2EF00DEBEFF /* Cabin-Bridging-Header.h */ = {isa = PBXFileReference; fileEncoding = 4; lastKnownFileType = sourcecode.c.h; path = "Cabin-Bridging-Header.h"; sourceTree = "<group>"; };
		A5C6FD781BF9FB260057C13B /* RNClipboard.xcodeproj */ = {isa = PBXFileReference; lastKnownFileType = "wrapper.pb-project"; name = RNClipboard.xcodeproj; path = "../node_modules/react-native-clipboard/RNClipboard.xcodeproj"; sourceTree = "<group>"; };
		A5E22FB51F607D8400543FDD /* libRCTMaterialKit.a */ = {isa = PBXFileReference; lastKnownFileType = archive.ar; name = libRCTMaterialKit.a; path = "../node_modules/react-native-material-kit/iOS/build/Debug-iphoneos/libRCTMaterialKit.a"; sourceTree = "<group>"; };
		A5E428431C57A85C00C5B9EC /* CoreFoundation.framework */ = {isa = PBXFileReference; lastKnownFileType = wrapper.framework; name = CoreFoundation.framework; path = System/Library/Frameworks/CoreFoundation.framework; sourceTree = SDKROOT; };
		A5E428451C57A86100C5B9EC /* UIKit.framework */ = {isa = PBXFileReference; lastKnownFileType = wrapper.framework; name = UIKit.framework; path = System/Library/Frameworks/UIKit.framework; sourceTree = SDKROOT; };
		AAA17D08BF2A415C8576E351 /* libRCTOrientation.a */ = {isa = PBXFileReference; explicitFileType = undefined; fileEncoding = 9; includeInIndex = 0; lastKnownFileType = archive.ar; path = libRCTOrientation.a; sourceTree = "<group>"; };
		B48C0EB48F4EF42345A4D37A /* Pods-skippbox.debug.xcconfig */ = {isa = PBXFileReference; includeInIndex = 1; lastKnownFileType = text.xcconfig; name = "Pods-skippbox.debug.xcconfig"; path = "Pods/Target Support Files/Pods-skippbox/Pods-skippbox.debug.xcconfig"; sourceTree = "<group>"; };
		B8E5F70A05097343062ABF58 /* libPods-skippbox.a */ = {isa = PBXFileReference; explicitFileType = archive.ar; includeInIndex = 0; path = "libPods-skippbox.a"; sourceTree = BUILT_PRODUCTS_DIR; };
		D71B5767084B478683782EEB /* libRNGoogleSignin.a */ = {isa = PBXFileReference; explicitFileType = undefined; fileEncoding = 9; includeInIndex = 0; lastKnownFileType = archive.ar; path = libRNGoogleSignin.a; sourceTree = "<group>"; };
		D921C694E10C4E8DB6C7D3E5 /* ReactNativeConfig.xcodeproj */ = {isa = PBXFileReference; explicitFileType = undefined; fileEncoding = 9; includeInIndex = 0; lastKnownFileType = "wrapper.pb-project"; name = ReactNativeConfig.xcodeproj; path = "../node_modules/react-native-config/ios/ReactNativeConfig.xcodeproj"; sourceTree = "<group>"; };
		DB1BB2489B354205A6BCE570 /* ReactNativeNavigation.xcodeproj */ = {isa = PBXFileReference; explicitFileType = undefined; fileEncoding = 9; includeInIndex = 0; lastKnownFileType = "wrapper.pb-project"; name = ReactNativeNavigation.xcodeproj; path = "../node_modules/react-native-navigation/ios/ReactNativeNavigation.xcodeproj"; sourceTree = "<group>"; };
		E16378960FC74875ABF38617 /* libReactNativeConfig.a */ = {isa = PBXFileReference; explicitFileType = undefined; fileEncoding = 9; includeInIndex = 0; lastKnownFileType = archive.ar; path = libReactNativeConfig.a; sourceTree = "<group>"; };
		E368F5948C46435480D38BB9 /* RCTOrientation.xcodeproj */ = {isa = PBXFileReference; explicitFileType = undefined; fileEncoding = 9; includeInIndex = 0; lastKnownFileType = "wrapper.pb-project"; name = RCTOrientation.xcodeproj; path = "../node_modules/react-native-orientation/iOS/RCTOrientation.xcodeproj"; sourceTree = "<group>"; };
		F4F9286FABE3B654F48DB641 /* Pods-cabin.debug.xcconfig */ = {isa = PBXFileReference; includeInIndex = 1; lastKnownFileType = text.xcconfig; name = "Pods-cabin.debug.xcconfig"; path = "Pods/Target Support Files/Pods-cabin/Pods-cabin.debug.xcconfig"; sourceTree = "<group>"; };
		F5B55EBA477B4146B6956C5C /* libRNFS.a */ = {isa = PBXFileReference; explicitFileType = undefined; fileEncoding = 9; includeInIndex = 0; lastKnownFileType = archive.ar; path = libRNFS.a; sourceTree = "<group>"; };
		FAB8C7D67DD44F3ABC4728A2 /* libz.tbd */ = {isa = PBXFileReference; explicitFileType = undefined; fileEncoding = 9; includeInIndex = 0; lastKnownFileType = "sourcecode.text-based-dylib-definition"; name = libz.tbd; path = usr/lib/libz.tbd; sourceTree = SDKROOT; };
/* End PBXFileReference section */

/* Begin PBXFrameworksBuildPhase section */
		13B07F8C1A680F5B00A75B9A /* Frameworks */ = {
			isa = PBXFrameworksBuildPhase;
			buildActionMask = 2147483647;
			files = (
				A5E22FB61F607D8400543FDD /* libRCTMaterialKit.a in Frameworks */,
				A57CE1941F57357600C0E7E0 /* libRCTAnimation.a in Frameworks */,
				A597EF3A1D629817009298F5 /* libHelm.a in Frameworks */,
				A56492E51D3527DF00C1DF4F /* libSafariViewManager.a in Frameworks */,
				A5E428461C57A86100C5B9EC /* UIKit.framework in Frameworks */,
				A5E428441C57A85C00C5B9EC /* CoreFoundation.framework in Frameworks */,
				A5B2F11E1BD62E0100CF6A12 /* libRCTCameraRoll.a in Frameworks */,
				A579E6681BD5451100CD8E2C /* libRCTPushNotification.a in Frameworks */,
				8E5BABF11BB02DC600D0FDEF /* CFNetwork.framework in Frameworks */,
				8E5BABEF1BB02DBD00D0FDEF /* libicucore.tbd in Frameworks */,
				8E5BABED1BB02D8E00D0FDEF /* Security.framework in Frameworks */,
				146834051AC3E58100842450 /* libReact.a in Frameworks */,
				00C302E51ABCBA2D00DB3ED1 /* libRCTActionSheet.a in Frameworks */,
				00C302E71ABCBA2D00DB3ED1 /* libRCTGeolocation.a in Frameworks */,
				00C302E81ABCBA2D00DB3ED1 /* libRCTImage.a in Frameworks */,
				133E29F31AD74F7200F7D852 /* libRCTLinking.a in Frameworks */,
				00C302E91ABCBA2D00DB3ED1 /* libRCTNetwork.a in Frameworks */,
				139105C61AF99C1200B5F7CC /* libRCTSettings.a in Frameworks */,
				832341BD1AAA6AB300B99B32 /* libRCTText.a in Frameworks */,
				00C302EA1ABCBA2D00DB3ED1 /* libRCTVibration.a in Frameworks */,
				139FDEF61B0652A700C62182 /* libRCTWebSocket.a in Frameworks */,
				536A88D3A1B54A7E8E0BC2CF /* libRCTOrientation.a in Frameworks */,
				A5C7526F305E4C41BF020DF9 /* libRNFS.a in Frameworks */,
				09DCEB9E846F435EA495890F /* libReactNativeConfig.a in Frameworks */,
				7F5261518C09698979DB1ABD /* libPods-cabin.a in Frameworks */,
				DE17D0200A7144689792CE1E /* libRNFetchBlob.a in Frameworks */,
				806BE5779C0741359CCC201D /* libReactNativeNavigation.a in Frameworks */,
				8C962EA7EB0148E4BC5D170A /* libRNSnackbar.a in Frameworks */,
				76AC243849B54DA49E17D3CF /* libRNGoogleSignin.a in Frameworks */,
				8D9EC85DE142463C82D749BA /* libz.tbd in Frameworks */,
				740C23A33AC5436A844C9FAF /* SafariServices.framework in Frameworks */,
				74A00230789F4AAB9C8ABC4C /* SystemConfiguration.framework in Frameworks */,
				378C96A13ACC4342A2533363 /* AddressBook.framework in Frameworks */,
			);
			runOnlyForDeploymentPostprocessing = 0;
		};
/* End PBXFrameworksBuildPhase section */

/* Begin PBXGroup section */
		00C302A81ABCB8CE00DB3ED1 /* Products */ = {
			isa = PBXGroup;
			children = (
				00C302AC1ABCB8CE00DB3ED1 /* libRCTActionSheet.a */,
			);
			name = Products;
			sourceTree = "<group>";
		};
		00C302B61ABCB90400DB3ED1 /* Products */ = {
			isa = PBXGroup;
			children = (
				00C302BA1ABCB90400DB3ED1 /* libRCTGeolocation.a */,
			);
			name = Products;
			sourceTree = "<group>";
		};
		00C302BC1ABCB91800DB3ED1 /* Products */ = {
			isa = PBXGroup;
			children = (
				00C302C01ABCB91800DB3ED1 /* libRCTImage.a */,
				A5AA51D81DC73D2400555C76 /* libRCTImage-tvOS.a */,
			);
			name = Products;
			sourceTree = "<group>";
		};
		00C302D41ABCB9D200DB3ED1 /* Products */ = {
			isa = PBXGroup;
			children = (
				00C302DC1ABCB9D200DB3ED1 /* libRCTNetwork.a */,
				A5AA51E01DC73D2400555C76 /* libRCTNetwork-tvOS.a */,
			);
			name = Products;
			sourceTree = "<group>";
		};
		00C302E01ABCB9EE00DB3ED1 /* Products */ = {
			isa = PBXGroup;
			children = (
				00C302E41ABCB9EE00DB3ED1 /* libRCTVibration.a */,
			);
			name = Products;
			sourceTree = "<group>";
		};
		139105B71AF99BAD00B5F7CC /* Products */ = {
			isa = PBXGroup;
			children = (
				139105C11AF99BAD00B5F7CC /* libRCTSettings.a */,
				A5AA51E61DC73D2400555C76 /* libRCTSettings-tvOS.a */,
			);
			name = Products;
			sourceTree = "<group>";
		};
		139FDEE71B06529A00C62182 /* Products */ = {
			isa = PBXGroup;
			children = (
				139FDEF41B06529B00C62182 /* libRCTWebSocket.a */,
				A5AA51F31DC73D2400555C76 /* libRCTWebSocket-tvOS.a */,
			);
			name = Products;
			sourceTree = "<group>";
		};
		13B07FAE1A68108700A75B9A /* cabin */ = {
			isa = PBXGroup;
			children = (
				3E1B9DB01DD0E4BA00261358 /* GoogleService-Info.plist */,
				3EFEA2241DBEFAFC0024B8A3 /* cabin.entitlements */,
				13B07FAF1A68108700A75B9A /* AppDelegate.h */,
				13B07FB01A68108700A75B9A /* AppDelegate.m */,
				A5839BD41D9C0D6C00A932EB /* SKPNetwork.h */,
				A5839BD51D9C0D6C00A932EB /* SKPNetwork.m */,
				A56399781D48F5A9000C7C24 /* GRPCManager.h */,
				A56399791D48F5A9000C7C24 /* GRPCManager.m */,
				A517A8B51DB8CA7200526A06 /* Release+Dictionary.h */,
				A517A8B61DB8CA7200526A06 /* Release+Dictionary.m */,
				A5A32C3A1DF1C8A8004D8475 /* RCTSRWebSocket+SSL.h */,
				A5A32C3B1DF1C8A8004D8475 /* RCTSRWebSocket+SSL.m */,
				13B07FB51A68108700A75B9A /* Images.xcassets */,
				13B07FB61A68108700A75B9A /* Info.plist */,
				13B07FB11A68108700A75B9A /* LaunchScreen.xib */,
				13B07FB71A68108700A75B9A /* main.m */,
				A5C444681BCBE2EF00DEBEFF /* Cabin-Bridging-Header.h */,
			);
			path = cabin;
			sourceTree = "<group>";
		};
		146834001AC3E56700842450 /* Products */ = {
			isa = PBXGroup;
			children = (
				146834041AC3E56700842450 /* libReact.a */,
				A5AA51F71DC73D2400555C76 /* libReact.a */,
				A5EAD80B1E70E19200D25CEB /* libyoga.a */,
				A5EAD80D1E70E19200D25CEB /* libyoga.a */,
				A5EAD80F1E70E19200D25CEB /* libcxxreact.a */,
				A5EAD8111E70E19200D25CEB /* libcxxreact.a */,
				A5EAD8131E70E19200D25CEB /* libjschelpers.a */,
				A5EAD8151E70E19200D25CEB /* libjschelpers.a */,
				A51518021F338BE900C51796 /* libthird-party.a */,
				A51518041F338BE900C51796 /* libthird-party.a */,
				A51518061F338BE900C51796 /* libdouble-conversion.a */,
				A51518081F338BE900C51796 /* libdouble-conversion.a */,
			);
			name = Products;
			sourceTree = "<group>";
		};
		4804E8612B2AE9B345684110 /* Frameworks */ = {
			isa = PBXGroup;
			children = (
				A5E22FB51F607D8400543FDD /* libRCTMaterialKit.a */,
				A597EF391D629817009298F5 /* libHelm.a */,
				A56B11E51CB3F11D008CD1B3 /* libz.1.dylib */,
				A5E428451C57A86100C5B9EC /* UIKit.framework */,
				A5E428431C57A85C00C5B9EC /* CoreFoundation.framework */,
				8E5BABF01BB02DC600D0FDEF /* CFNetwork.framework */,
				8E5BABEE1BB02DBD00D0FDEF /* libicucore.tbd */,
				8E5BABEC1BB02D8E00D0FDEF /* Security.framework */,
				A557E0F31CB29D2300C7193B /* NotificationCenter.framework */,
				B8E5F70A05097343062ABF58 /* libPods-skippbox.a */,
				1C0270A6CD385AC2BB94FB6B /* libPods-cabin.a */,
				FAB8C7D67DD44F3ABC4728A2 /* libz.tbd */,
				313D8C69AB544EBFA4D0560F /* SafariServices.framework */,
				5E536DE455634319B487EF55 /* SystemConfiguration.framework */,
				3E21C5AC4D364637AC1D745C /* AddressBook.framework */,
			);
			name = Frameworks;
			sourceTree = "<group>";
		};
		6158A353A993F578746AC456 /* Pods */ = {
			isa = PBXGroup;
			children = (
				B48C0EB48F4EF42345A4D37A /* Pods-skippbox.debug.xcconfig */,
				99ABFD3D4904A1013DCC9A39 /* Pods-skippbox.release.xcconfig */,
				F4F9286FABE3B654F48DB641 /* Pods-cabin.debug.xcconfig */,
				5349BE4043A2232033F0A9C2 /* Pods-cabin.release.xcconfig */,
			);
			name = Pods;
			sourceTree = "<group>";
		};
		78C398B11ACF4ADC00677621 /* Products */ = {
			isa = PBXGroup;
			children = (
				78C398B91ACF4ADC00677621 /* libRCTLinking.a */,
				A5AA51DC1DC73D2400555C76 /* libRCTLinking-tvOS.a */,
			);
			name = Products;
			sourceTree = "<group>";
		};
		832341AE1AAA6A7D00B99B32 /* Libraries */ = {
			isa = PBXGroup;
			children = (
				A57CE18B1F57355B00C0E7E0 /* RCTAnimation.xcodeproj */,
				A56492D21D351C6500C1DF4F /* SafariViewManager.xcodeproj */,
				A5B2F11F1BD62F7600CF6A12 /* RCTTest.xcodeproj */,
				A5B2F10C1BD62DAC00CF6A12 /* RCTCameraRoll.xcodeproj */,
				A579E65C1BD5420500CD8E2C /* RCTPushNotification.xcodeproj */,
				146833FF1AC3E56700842450 /* React.xcodeproj */,
				00C302A71ABCB8CE00DB3ED1 /* RCTActionSheet.xcodeproj */,
				00C302B51ABCB90400DB3ED1 /* RCTGeolocation.xcodeproj */,
				00C302BB1ABCB91800DB3ED1 /* RCTImage.xcodeproj */,
				78C398B01ACF4ADC00677621 /* RCTLinking.xcodeproj */,
				00C302D31ABCB9D200DB3ED1 /* RCTNetwork.xcodeproj */,
				139105B61AF99BAD00B5F7CC /* RCTSettings.xcodeproj */,
				832341B01AAA6A8300B99B32 /* RCTText.xcodeproj */,
				00C302DF1ABCB9EE00DB3ED1 /* RCTVibration.xcodeproj */,
				139FDEE61B06529A00C62182 /* RCTWebSocket.xcodeproj */,
				E368F5948C46435480D38BB9 /* RCTOrientation.xcodeproj */,
				3C431AFC416248F48E7594D4 /* RNFS.xcodeproj */,
				D921C694E10C4E8DB6C7D3E5 /* ReactNativeConfig.xcodeproj */,
				48CFFEAC0F7647DC94BD7FE1 /* RNFetchBlob.xcodeproj */,
				1EFA7B2FDA29490B986B7C9A /* RCTMaterialKit.xcodeproj */,
				DB1BB2489B354205A6BCE570 /* ReactNativeNavigation.xcodeproj */,
				858A3C2BA9134592BFA0635E /* RNSnackbar.xcodeproj */,
				5D3569ED397149DB915A75CD /* RNGoogleSignin.xcodeproj */,
			);
			name = Libraries;
			sourceTree = "<group>";
		};
		832341B11AAA6A8300B99B32 /* Products */ = {
			isa = PBXGroup;
			children = (
				832341B51AAA6A8300B99B32 /* libRCTText.a */,
				A5AA51EE1DC73D2400555C76 /* libRCTText-tvOS.a */,
			);
			name = Products;
			sourceTree = "<group>";
		};
		83CBB9F61A601CBA00E9B192 = {
			isa = PBXGroup;
			children = (
				13B07FAE1A68108700A75B9A /* cabin */,
				832341AE1AAA6A7D00B99B32 /* Libraries */,
				83CBBA001A601CBA00E9B192 /* Products */,
				4804E8612B2AE9B345684110 /* Frameworks */,
				6158A353A993F578746AC456 /* Pods */,
				A5FDF2A31F350D7C0041AD64 /* Recovered References */,
			);
			indentWidth = 2;
			sourceTree = "<group>";
			tabWidth = 2;
			wrapsLines = 0;
		};
		83CBBA001A601CBA00E9B192 /* Products */ = {
			isa = PBXGroup;
			children = (
				13B07F961A680F5B00A75B9A /* cabin.app */,
			);
			name = Products;
			sourceTree = "<group>";
		};
		A50BC7991F7E6D0800A52E9A /* Products */ = {
			isa = PBXGroup;
			children = (
				A50BC79D1F7E6D0800A52E9A /* libReactNativeNavigation.a */,
			);
			name = Products;
			sourceTree = "<group>";
		};
		A50C40EB1F9F39C500681133 /* Products */ = {
			isa = PBXGroup;
			children = (
				A50C41171F9F39C500681133 /* libRNGoogleSignin.a */,
			);
			name = Products;
			sourceTree = "<group>";
		};
		A54A18C31F8B37FE00D9A724 /* Products */ = {
			isa = PBXGroup;
			children = (
				A54A18C71F8B37FE00D9A724 /* libRNSnackbar.a */,
			);
			name = Products;
			sourceTree = "<group>";
		};
		A56492D31D351C6500C1DF4F /* Products */ = {
			isa = PBXGroup;
			children = (
				A56492E41D351C6500C1DF4F /* libSafariViewManager.a */,
			);
			name = Products;
			sourceTree = "<group>";
		};
		A579E65D1BD5420500CD8E2C /* Products */ = {
			isa = PBXGroup;
			children = (
				A579E6611BD5420500CD8E2C /* libRCTPushNotification.a */,
				A5581C901DDBCDF400C384A9 /* libRCTPushNotification-tvOS.a */,
			);
			name = Products;
			sourceTree = "<group>";
		};
		A57CE1601F572EE300C0E7E0 /* Products */ = {
			isa = PBXGroup;
			children = (
				A57CE1861F572EE300C0E7E0 /* libRNFetchBlob.a */,
			);
			name = Products;
			sourceTree = "<group>";
		};
		A57CE18C1F57355B00C0E7E0 /* Products */ = {
			isa = PBXGroup;
			children = (
				A57CE1911F57355B00C0E7E0 /* libRCTAnimation.a */,
				A57CE1931F57355B00C0E7E0 /* libRCTAnimation.a */,
			);
			name = Products;
			sourceTree = "<group>";
		};
		A59A17261D587FD400B94091 /* Products */ = {
			isa = PBXGroup;
			children = (
				A59A17301D587FD400B94091 /* libRCTOrientation.a */,
			);
			name = Products;
			sourceTree = "<group>";
		};
		A5B2F10D1BD62DAC00CF6A12 /* Products */ = {
			isa = PBXGroup;
			children = (
				A5B2F1121BD62DAC00CF6A12 /* libRCTCameraRoll.a */,
			);
			name = Products;
			sourceTree = "<group>";
		};
		A5B2F1201BD62F7600CF6A12 /* Products */ = {
			isa = PBXGroup;
			children = (
				8E0BE7BA1BDA688E00C4BA5A /* libRCTTest.a */,
				A5AA51EA1DC73D2400555C76 /* libRCTTest-tvOS.a */,
			);
			name = Products;
			sourceTree = "<group>";
		};
		A5C6FD791BF9FB260057C13B /* Products */ = {
			isa = PBXGroup;
			children = (
				A5C6FD8B1BF9FB260057C13B /* libRNClipboard.a */,
			);
			name = Products;
			sourceTree = "<group>";
		};
		A5E22FB71F607FFB00543FDD /* Products */ = {
			isa = PBXGroup;
			children = (
				A5E22FBB1F607FFB00543FDD /* libRCTMaterialKit.a */,
			);
			name = Products;
			sourceTree = "<group>";
		};
		A5F20DB71E7C57FC00113DAA /* Products */ = {
			isa = PBXGroup;
			children = (
				A5F20DD91E7C57FC00113DAA /* libReactNativeConfig.a */,
			);
			name = Products;
			sourceTree = "<group>";
		};
		A5F880091DE85AEE004C2728 /* Products */ = {
			isa = PBXGroup;
			children = (
				A5F880251DE85AEE004C2728 /* libRNFS.a */,
				A515180D1F338BE900C51796 /* libRNFS.a */,
			);
			name = Products;
			sourceTree = "<group>";
		};
		A5FDF2A31F350D7C0041AD64 /* Recovered References */ = {
			isa = PBXGroup;
			children = (
				AAA17D08BF2A415C8576E351 /* libRCTOrientation.a */,
				F5B55EBA477B4146B6956C5C /* libRNFS.a */,
				E16378960FC74875ABF38617 /* libReactNativeConfig.a */,
				555F917E5DF242319924B978 /* libRNFetchBlob.a */,
				7A81E549F1A3401FBEA6B1F0 /* libReactNativeNavigation.a */,
				2123359850AC46B3B806EFCB /* libRNSnackbar.a */,
				D71B5767084B478683782EEB /* libRNGoogleSignin.a */,
			);
			name = "Recovered References";
			sourceTree = "<group>";
		};
/* End PBXGroup section */

/* Begin PBXNativeTarget section */
		13B07F861A680F5B00A75B9A /* cabin */ = {
			isa = PBXNativeTarget;
			buildConfigurationList = 13B07F931A680F5B00A75B9A /* Build configuration list for PBXNativeTarget "cabin" */;
			buildPhases = (
				68D5A4FE0ED77FBEFC3D2885 /* [CP] Check Pods Manifest.lock */,
				13B07F871A680F5B00A75B9A /* Sources */,
				13B07F8C1A680F5B00A75B9A /* Frameworks */,
				13B07F8E1A680F5B00A75B9A /* Resources */,
				A579E66E1BD5451E00CD8E2C /* Embed Frameworks */,
				8E7D82931BF2A2E9009C0CA2 /* Bundle React Native code and images */,
				A5E71D4D1CB4F72400EEA745 /* Embed App Extensions */,
				11E510AD3F59F36A6ACB8E7E /* [CP] Embed Pods Frameworks */,
				1CBC72BF88C90C5CD64C2278 /* [CP] Copy Pods Resources */,
			);
			buildRules = (
			);
			dependencies = (
				A51517DE1F338BE900C51796 /* PBXTargetDependency */,
			);
			name = cabin;
			productName = "Hello World";
			productReference = 13B07F961A680F5B00A75B9A /* cabin.app */;
			productType = "com.apple.product-type.application";
		};
/* End PBXNativeTarget section */

/* Begin PBXProject section */
		83CBB9F71A601CBA00E9B192 /* Project object */ = {
			isa = PBXProject;
			attributes = {
				LastSwiftUpdateCheck = 730;
				LastUpgradeCheck = 830;
				ORGANIZATIONNAME = Skippbox;
				TargetAttributes = {
					13B07F861A680F5B00A75B9A = {
						DevelopmentTeam = AF8A8LC6XQ;
						SystemCapabilities = {
							com.apple.ApplicationGroups.iOS = {
								enabled = 0;
							};
							com.apple.Keychain = {
								enabled = 1;
							};
							com.apple.Push = {
								enabled = 1;
							};
							com.apple.iCloud = {
								enabled = 0;
							};
						};
					};
				};
			};
			buildConfigurationList = 83CBB9FA1A601CBA00E9B192 /* Build configuration list for PBXProject "cabin" */;
			compatibilityVersion = "Xcode 6.3";
			developmentRegion = English;
			hasScannedForEncodings = 0;
			knownRegions = (
				en,
				Base,
			);
			mainGroup = 83CBB9F61A601CBA00E9B192;
			productRefGroup = 83CBBA001A601CBA00E9B192 /* Products */;
			projectDirPath = "";
			projectReferences = (
				{
					ProductGroup = 00C302A81ABCB8CE00DB3ED1 /* Products */;
					ProjectRef = 00C302A71ABCB8CE00DB3ED1 /* RCTActionSheet.xcodeproj */;
				},
				{
					ProductGroup = A57CE18C1F57355B00C0E7E0 /* Products */;
					ProjectRef = A57CE18B1F57355B00C0E7E0 /* RCTAnimation.xcodeproj */;
				},
				{
					ProductGroup = A5B2F10D1BD62DAC00CF6A12 /* Products */;
					ProjectRef = A5B2F10C1BD62DAC00CF6A12 /* RCTCameraRoll.xcodeproj */;
				},
				{
					ProductGroup = 00C302B61ABCB90400DB3ED1 /* Products */;
					ProjectRef = 00C302B51ABCB90400DB3ED1 /* RCTGeolocation.xcodeproj */;
				},
				{
					ProductGroup = 00C302BC1ABCB91800DB3ED1 /* Products */;
					ProjectRef = 00C302BB1ABCB91800DB3ED1 /* RCTImage.xcodeproj */;
				},
				{
					ProductGroup = 78C398B11ACF4ADC00677621 /* Products */;
					ProjectRef = 78C398B01ACF4ADC00677621 /* RCTLinking.xcodeproj */;
				},
				{
					ProductGroup = A5E22FB71F607FFB00543FDD /* Products */;
					ProjectRef = 1EFA7B2FDA29490B986B7C9A /* RCTMaterialKit.xcodeproj */;
				},
				{
					ProductGroup = 00C302D41ABCB9D200DB3ED1 /* Products */;
					ProjectRef = 00C302D31ABCB9D200DB3ED1 /* RCTNetwork.xcodeproj */;
				},
				{
					ProductGroup = A59A17261D587FD400B94091 /* Products */;
					ProjectRef = E368F5948C46435480D38BB9 /* RCTOrientation.xcodeproj */;
				},
				{
					ProductGroup = A579E65D1BD5420500CD8E2C /* Products */;
					ProjectRef = A579E65C1BD5420500CD8E2C /* RCTPushNotification.xcodeproj */;
				},
				{
					ProductGroup = 139105B71AF99BAD00B5F7CC /* Products */;
					ProjectRef = 139105B61AF99BAD00B5F7CC /* RCTSettings.xcodeproj */;
				},
				{
					ProductGroup = A5B2F1201BD62F7600CF6A12 /* Products */;
					ProjectRef = A5B2F11F1BD62F7600CF6A12 /* RCTTest.xcodeproj */;
				},
				{
					ProductGroup = 832341B11AAA6A8300B99B32 /* Products */;
					ProjectRef = 832341B01AAA6A8300B99B32 /* RCTText.xcodeproj */;
				},
				{
					ProductGroup = 00C302E01ABCB9EE00DB3ED1 /* Products */;
					ProjectRef = 00C302DF1ABCB9EE00DB3ED1 /* RCTVibration.xcodeproj */;
				},
				{
					ProductGroup = 139FDEE71B06529A00C62182 /* Products */;
					ProjectRef = 139FDEE61B06529A00C62182 /* RCTWebSocket.xcodeproj */;
				},
				{
					ProductGroup = 146834001AC3E56700842450 /* Products */;
					ProjectRef = 146833FF1AC3E56700842450 /* React.xcodeproj */;
				},
				{
					ProductGroup = A5F20DB71E7C57FC00113DAA /* Products */;
					ProjectRef = D921C694E10C4E8DB6C7D3E5 /* ReactNativeConfig.xcodeproj */;
				},
				{
					ProductGroup = A50BC7991F7E6D0800A52E9A /* Products */;
					ProjectRef = DB1BB2489B354205A6BCE570 /* ReactNativeNavigation.xcodeproj */;
				},
				{
					ProductGroup = A5C6FD791BF9FB260057C13B /* Products */;
					ProjectRef = A5C6FD781BF9FB260057C13B /* RNClipboard.xcodeproj */;
				},
				{
					ProductGroup = A57CE1601F572EE300C0E7E0 /* Products */;
					ProjectRef = 48CFFEAC0F7647DC94BD7FE1 /* RNFetchBlob.xcodeproj */;
				},
				{
					ProductGroup = A5F880091DE85AEE004C2728 /* Products */;
					ProjectRef = 3C431AFC416248F48E7594D4 /* RNFS.xcodeproj */;
				},
				{
					ProductGroup = A50C40EB1F9F39C500681133 /* Products */;
					ProjectRef = 5D3569ED397149DB915A75CD /* RNGoogleSignin.xcodeproj */;
				},
				{
					ProductGroup = A54A18C31F8B37FE00D9A724 /* Products */;
					ProjectRef = 858A3C2BA9134592BFA0635E /* RNSnackbar.xcodeproj */;
				},
				{
					ProductGroup = A56492D31D351C6500C1DF4F /* Products */;
					ProjectRef = A56492D21D351C6500C1DF4F /* SafariViewManager.xcodeproj */;
				},
			);
			projectRoot = "";
			targets = (
				13B07F861A680F5B00A75B9A /* cabin */,
			);
		};
/* End PBXProject section */

/* Begin PBXReferenceProxy section */
		00C302AC1ABCB8CE00DB3ED1 /* libRCTActionSheet.a */ = {
			isa = PBXReferenceProxy;
			fileType = archive.ar;
			path = libRCTActionSheet.a;
			remoteRef = 00C302AB1ABCB8CE00DB3ED1 /* PBXContainerItemProxy */;
			sourceTree = BUILT_PRODUCTS_DIR;
		};
		00C302BA1ABCB90400DB3ED1 /* libRCTGeolocation.a */ = {
			isa = PBXReferenceProxy;
			fileType = archive.ar;
			path = libRCTGeolocation.a;
			remoteRef = 00C302B91ABCB90400DB3ED1 /* PBXContainerItemProxy */;
			sourceTree = BUILT_PRODUCTS_DIR;
		};
		00C302C01ABCB91800DB3ED1 /* libRCTImage.a */ = {
			isa = PBXReferenceProxy;
			fileType = archive.ar;
			path = libRCTImage.a;
			remoteRef = 00C302BF1ABCB91800DB3ED1 /* PBXContainerItemProxy */;
			sourceTree = BUILT_PRODUCTS_DIR;
		};
		00C302DC1ABCB9D200DB3ED1 /* libRCTNetwork.a */ = {
			isa = PBXReferenceProxy;
			fileType = archive.ar;
			path = libRCTNetwork.a;
			remoteRef = 00C302DB1ABCB9D200DB3ED1 /* PBXContainerItemProxy */;
			sourceTree = BUILT_PRODUCTS_DIR;
		};
		00C302E41ABCB9EE00DB3ED1 /* libRCTVibration.a */ = {
			isa = PBXReferenceProxy;
			fileType = archive.ar;
			path = libRCTVibration.a;
			remoteRef = 00C302E31ABCB9EE00DB3ED1 /* PBXContainerItemProxy */;
			sourceTree = BUILT_PRODUCTS_DIR;
		};
		139105C11AF99BAD00B5F7CC /* libRCTSettings.a */ = {
			isa = PBXReferenceProxy;
			fileType = archive.ar;
			path = libRCTSettings.a;
			remoteRef = 139105C01AF99BAD00B5F7CC /* PBXContainerItemProxy */;
			sourceTree = BUILT_PRODUCTS_DIR;
		};
		139FDEF41B06529B00C62182 /* libRCTWebSocket.a */ = {
			isa = PBXReferenceProxy;
			fileType = archive.ar;
			path = libRCTWebSocket.a;
			remoteRef = 139FDEF31B06529B00C62182 /* PBXContainerItemProxy */;
			sourceTree = BUILT_PRODUCTS_DIR;
		};
		146834041AC3E56700842450 /* libReact.a */ = {
			isa = PBXReferenceProxy;
			fileType = archive.ar;
			path = libReact.a;
			remoteRef = 146834031AC3E56700842450 /* PBXContainerItemProxy */;
			sourceTree = BUILT_PRODUCTS_DIR;
		};
		78C398B91ACF4ADC00677621 /* libRCTLinking.a */ = {
			isa = PBXReferenceProxy;
			fileType = archive.ar;
			path = libRCTLinking.a;
			remoteRef = 78C398B81ACF4ADC00677621 /* PBXContainerItemProxy */;
			sourceTree = BUILT_PRODUCTS_DIR;
		};
		832341B51AAA6A8300B99B32 /* libRCTText.a */ = {
			isa = PBXReferenceProxy;
			fileType = archive.ar;
			path = libRCTText.a;
			remoteRef = 832341B41AAA6A8300B99B32 /* PBXContainerItemProxy */;
			sourceTree = BUILT_PRODUCTS_DIR;
		};
		8E0BE7BA1BDA688E00C4BA5A /* libRCTTest.a */ = {
			isa = PBXReferenceProxy;
			fileType = archive.ar;
			path = libRCTTest.a;
			remoteRef = 8E0BE7B91BDA688E00C4BA5A /* PBXContainerItemProxy */;
			sourceTree = BUILT_PRODUCTS_DIR;
		};
		A50BC79D1F7E6D0800A52E9A /* libReactNativeNavigation.a */ = {
			isa = PBXReferenceProxy;
			fileType = archive.ar;
			path = libReactNativeNavigation.a;
			remoteRef = A50BC79C1F7E6D0800A52E9A /* PBXContainerItemProxy */;
			sourceTree = BUILT_PRODUCTS_DIR;
		};
		A50C41171F9F39C500681133 /* libRNGoogleSignin.a */ = {
			isa = PBXReferenceProxy;
			fileType = archive.ar;
			path = libRNGoogleSignin.a;
			remoteRef = A50C41161F9F39C500681133 /* PBXContainerItemProxy */;
			sourceTree = BUILT_PRODUCTS_DIR;
		};
		A51518021F338BE900C51796 /* libthird-party.a */ = {
			isa = PBXReferenceProxy;
			fileType = archive.ar;
			path = "libthird-party.a";
			remoteRef = A51518011F338BE900C51796 /* PBXContainerItemProxy */;
			sourceTree = BUILT_PRODUCTS_DIR;
		};
		A51518041F338BE900C51796 /* libthird-party.a */ = {
			isa = PBXReferenceProxy;
			fileType = archive.ar;
			path = "libthird-party.a";
			remoteRef = A51518031F338BE900C51796 /* PBXContainerItemProxy */;
			sourceTree = BUILT_PRODUCTS_DIR;
		};
		A51518061F338BE900C51796 /* libdouble-conversion.a */ = {
			isa = PBXReferenceProxy;
			fileType = archive.ar;
			path = "libdouble-conversion.a";
			remoteRef = A51518051F338BE900C51796 /* PBXContainerItemProxy */;
			sourceTree = BUILT_PRODUCTS_DIR;
		};
		A51518081F338BE900C51796 /* libdouble-conversion.a */ = {
			isa = PBXReferenceProxy;
			fileType = archive.ar;
			path = "libdouble-conversion.a";
			remoteRef = A51518071F338BE900C51796 /* PBXContainerItemProxy */;
			sourceTree = BUILT_PRODUCTS_DIR;
		};
		A515180D1F338BE900C51796 /* libRNFS.a */ = {
			isa = PBXReferenceProxy;
			fileType = archive.ar;
			path = libRNFS.a;
			remoteRef = A515180C1F338BE900C51796 /* PBXContainerItemProxy */;
			sourceTree = BUILT_PRODUCTS_DIR;
		};
		A54A18C71F8B37FE00D9A724 /* libRNSnackbar.a */ = {
			isa = PBXReferenceProxy;
			fileType = archive.ar;
			path = libRNSnackbar.a;
			remoteRef = A54A18C61F8B37FE00D9A724 /* PBXContainerItemProxy */;
			sourceTree = BUILT_PRODUCTS_DIR;
		};
		A5581C901DDBCDF400C384A9 /* libRCTPushNotification-tvOS.a */ = {
			isa = PBXReferenceProxy;
			fileType = archive.ar;
			path = "libRCTPushNotification-tvOS.a";
			remoteRef = A5581C8F1DDBCDF400C384A9 /* PBXContainerItemProxy */;
			sourceTree = BUILT_PRODUCTS_DIR;
		};
		A56492E41D351C6500C1DF4F /* libSafariViewManager.a */ = {
			isa = PBXReferenceProxy;
			fileType = archive.ar;
			path = libSafariViewManager.a;
			remoteRef = A56492E31D351C6500C1DF4F /* PBXContainerItemProxy */;
			sourceTree = BUILT_PRODUCTS_DIR;
		};
		A579E6611BD5420500CD8E2C /* libRCTPushNotification.a */ = {
			isa = PBXReferenceProxy;
			fileType = archive.ar;
			path = libRCTPushNotification.a;
			remoteRef = A579E6601BD5420500CD8E2C /* PBXContainerItemProxy */;
			sourceTree = BUILT_PRODUCTS_DIR;
		};
		A57CE1861F572EE300C0E7E0 /* libRNFetchBlob.a */ = {
			isa = PBXReferenceProxy;
			fileType = archive.ar;
			path = libRNFetchBlob.a;
			remoteRef = A57CE1851F572EE300C0E7E0 /* PBXContainerItemProxy */;
			sourceTree = BUILT_PRODUCTS_DIR;
		};
		A57CE1911F57355B00C0E7E0 /* libRCTAnimation.a */ = {
			isa = PBXReferenceProxy;
			fileType = archive.ar;
			path = libRCTAnimation.a;
			remoteRef = A57CE1901F57355B00C0E7E0 /* PBXContainerItemProxy */;
			sourceTree = BUILT_PRODUCTS_DIR;
		};
		A57CE1931F57355B00C0E7E0 /* libRCTAnimation.a */ = {
			isa = PBXReferenceProxy;
			fileType = archive.ar;
			path = libRCTAnimation.a;
			remoteRef = A57CE1921F57355B00C0E7E0 /* PBXContainerItemProxy */;
			sourceTree = BUILT_PRODUCTS_DIR;
		};
		A59A17301D587FD400B94091 /* libRCTOrientation.a */ = {
			isa = PBXReferenceProxy;
			fileType = archive.ar;
			path = libRCTOrientation.a;
			remoteRef = A59A172F1D587FD400B94091 /* PBXContainerItemProxy */;
			sourceTree = BUILT_PRODUCTS_DIR;
		};
		A5AA51D81DC73D2400555C76 /* libRCTImage-tvOS.a */ = {
			isa = PBXReferenceProxy;
			fileType = archive.ar;
			path = "libRCTImage-tvOS.a";
			remoteRef = A5AA51D71DC73D2400555C76 /* PBXContainerItemProxy */;
			sourceTree = BUILT_PRODUCTS_DIR;
		};
		A5AA51DC1DC73D2400555C76 /* libRCTLinking-tvOS.a */ = {
			isa = PBXReferenceProxy;
			fileType = archive.ar;
			path = "libRCTLinking-tvOS.a";
			remoteRef = A5AA51DB1DC73D2400555C76 /* PBXContainerItemProxy */;
			sourceTree = BUILT_PRODUCTS_DIR;
		};
		A5AA51E01DC73D2400555C76 /* libRCTNetwork-tvOS.a */ = {
			isa = PBXReferenceProxy;
			fileType = archive.ar;
			path = "libRCTNetwork-tvOS.a";
			remoteRef = A5AA51DF1DC73D2400555C76 /* PBXContainerItemProxy */;
			sourceTree = BUILT_PRODUCTS_DIR;
		};
		A5AA51E61DC73D2400555C76 /* libRCTSettings-tvOS.a */ = {
			isa = PBXReferenceProxy;
			fileType = archive.ar;
			path = "libRCTSettings-tvOS.a";
			remoteRef = A5AA51E51DC73D2400555C76 /* PBXContainerItemProxy */;
			sourceTree = BUILT_PRODUCTS_DIR;
		};
		A5AA51EA1DC73D2400555C76 /* libRCTTest-tvOS.a */ = {
			isa = PBXReferenceProxy;
			fileType = archive.ar;
			path = "libRCTTest-tvOS.a";
			remoteRef = A5AA51E91DC73D2400555C76 /* PBXContainerItemProxy */;
			sourceTree = BUILT_PRODUCTS_DIR;
		};
		A5AA51EE1DC73D2400555C76 /* libRCTText-tvOS.a */ = {
			isa = PBXReferenceProxy;
			fileType = archive.ar;
			path = "libRCTText-tvOS.a";
			remoteRef = A5AA51ED1DC73D2400555C76 /* PBXContainerItemProxy */;
			sourceTree = BUILT_PRODUCTS_DIR;
		};
		A5AA51F31DC73D2400555C76 /* libRCTWebSocket-tvOS.a */ = {
			isa = PBXReferenceProxy;
			fileType = archive.ar;
			path = "libRCTWebSocket-tvOS.a";
			remoteRef = A5AA51F21DC73D2400555C76 /* PBXContainerItemProxy */;
			sourceTree = BUILT_PRODUCTS_DIR;
		};
		A5AA51F71DC73D2400555C76 /* libReact.a */ = {
			isa = PBXReferenceProxy;
			fileType = archive.ar;
			path = libReact.a;
			remoteRef = A5AA51F61DC73D2400555C76 /* PBXContainerItemProxy */;
			sourceTree = BUILT_PRODUCTS_DIR;
		};
		A5B2F1121BD62DAC00CF6A12 /* libRCTCameraRoll.a */ = {
			isa = PBXReferenceProxy;
			fileType = archive.ar;
			path = libRCTCameraRoll.a;
			remoteRef = A5B2F1111BD62DAC00CF6A12 /* PBXContainerItemProxy */;
			sourceTree = BUILT_PRODUCTS_DIR;
		};
		A5C6FD8B1BF9FB260057C13B /* libRNClipboard.a */ = {
			isa = PBXReferenceProxy;
			fileType = archive.ar;
			path = libRNClipboard.a;
			remoteRef = A5C6FD8A1BF9FB260057C13B /* PBXContainerItemProxy */;
			sourceTree = BUILT_PRODUCTS_DIR;
		};
		A5E22FBB1F607FFB00543FDD /* libRCTMaterialKit.a */ = {
			isa = PBXReferenceProxy;
			fileType = archive.ar;
			path = libRCTMaterialKit.a;
			remoteRef = A5E22FBA1F607FFB00543FDD /* PBXContainerItemProxy */;
			sourceTree = BUILT_PRODUCTS_DIR;
		};
		A5EAD80B1E70E19200D25CEB /* libyoga.a */ = {
			isa = PBXReferenceProxy;
			fileType = archive.ar;
			path = libyoga.a;
			remoteRef = A5EAD80A1E70E19200D25CEB /* PBXContainerItemProxy */;
			sourceTree = BUILT_PRODUCTS_DIR;
		};
		A5EAD80D1E70E19200D25CEB /* libyoga.a */ = {
			isa = PBXReferenceProxy;
			fileType = archive.ar;
			path = libyoga.a;
			remoteRef = A5EAD80C1E70E19200D25CEB /* PBXContainerItemProxy */;
			sourceTree = BUILT_PRODUCTS_DIR;
		};
		A5EAD80F1E70E19200D25CEB /* libcxxreact.a */ = {
			isa = PBXReferenceProxy;
			fileType = archive.ar;
			path = libcxxreact.a;
			remoteRef = A5EAD80E1E70E19200D25CEB /* PBXContainerItemProxy */;
			sourceTree = BUILT_PRODUCTS_DIR;
		};
		A5EAD8111E70E19200D25CEB /* libcxxreact.a */ = {
			isa = PBXReferenceProxy;
			fileType = archive.ar;
			path = libcxxreact.a;
			remoteRef = A5EAD8101E70E19200D25CEB /* PBXContainerItemProxy */;
			sourceTree = BUILT_PRODUCTS_DIR;
		};
		A5EAD8131E70E19200D25CEB /* libjschelpers.a */ = {
			isa = PBXReferenceProxy;
			fileType = archive.ar;
			path = libjschelpers.a;
			remoteRef = A5EAD8121E70E19200D25CEB /* PBXContainerItemProxy */;
			sourceTree = BUILT_PRODUCTS_DIR;
		};
		A5EAD8151E70E19200D25CEB /* libjschelpers.a */ = {
			isa = PBXReferenceProxy;
			fileType = archive.ar;
			path = libjschelpers.a;
			remoteRef = A5EAD8141E70E19200D25CEB /* PBXContainerItemProxy */;
			sourceTree = BUILT_PRODUCTS_DIR;
		};
		A5F20DD91E7C57FC00113DAA /* libReactNativeConfig.a */ = {
			isa = PBXReferenceProxy;
			fileType = archive.ar;
			path = libReactNativeConfig.a;
			remoteRef = A5F20DD81E7C57FC00113DAA /* PBXContainerItemProxy */;
			sourceTree = BUILT_PRODUCTS_DIR;
		};
		A5F880251DE85AEE004C2728 /* libRNFS.a */ = {
			isa = PBXReferenceProxy;
			fileType = archive.ar;
			path = libRNFS.a;
			remoteRef = A5F880241DE85AEE004C2728 /* PBXContainerItemProxy */;
			sourceTree = BUILT_PRODUCTS_DIR;
		};
/* End PBXReferenceProxy section */

/* Begin PBXResourcesBuildPhase section */
		13B07F8E1A680F5B00A75B9A /* Resources */ = {
			isa = PBXResourcesBuildPhase;
			buildActionMask = 2147483647;
			files = (
				13B07FBF1A68108700A75B9A /* Images.xcassets in Resources */,
				13B07FBD1A68108700A75B9A /* LaunchScreen.xib in Resources */,
				3E1B9DB11DD0E4BB00261358 /* GoogleService-Info.plist in Resources */,
			);
			runOnlyForDeploymentPostprocessing = 0;
		};
/* End PBXResourcesBuildPhase section */

/* Begin PBXShellScriptBuildPhase section */
		11E510AD3F59F36A6ACB8E7E /* [CP] Embed Pods Frameworks */ = {
			isa = PBXShellScriptBuildPhase;
			buildActionMask = 2147483647;
			files = (
			);
			inputPaths = (
			);
			name = "[CP] Embed Pods Frameworks";
			outputPaths = (
			);
			runOnlyForDeploymentPostprocessing = 0;
			shellPath = /bin/sh;
			shellScript = "\"${SRCROOT}/Pods/Target Support Files/Pods-cabin/Pods-cabin-frameworks.sh\"\n";
			showEnvVarsInLog = 0;
		};
		1CBC72BF88C90C5CD64C2278 /* [CP] Copy Pods Resources */ = {
			isa = PBXShellScriptBuildPhase;
			buildActionMask = 2147483647;
			files = (
			);
			inputPaths = (
				"${SRCROOT}/Pods/Target Support Files/Pods-cabin/Pods-cabin-resources.sh",
				"${PODS_ROOT}/GTMOAuth2/Source/Touch/GTMOAuth2ViewTouch.xib",
				"${PODS_ROOT}/GoogleSignIn/Resources/GoogleSignIn.bundle",
				"${PODS_CONFIGURATION_BUILD_DIR}/gRPC/gRPCCertificates.bundle",
			);
			name = "[CP] Copy Pods Resources";
			outputPaths = (
				"${TARGET_BUILD_DIR}/${UNLOCALIZED_RESOURCES_FOLDER_PATH}/GTMOAuth2ViewTouch.nib",
				"${TARGET_BUILD_DIR}/${UNLOCALIZED_RESOURCES_FOLDER_PATH}/GoogleSignIn.bundle",
				"${TARGET_BUILD_DIR}/${UNLOCALIZED_RESOURCES_FOLDER_PATH}/gRPCCertificates.bundle",
			);
			runOnlyForDeploymentPostprocessing = 0;
			shellPath = /bin/sh;
			shellScript = "\"${SRCROOT}/Pods/Target Support Files/Pods-cabin/Pods-cabin-resources.sh\"\n";
			showEnvVarsInLog = 0;
		};
		68D5A4FE0ED77FBEFC3D2885 /* [CP] Check Pods Manifest.lock */ = {
			isa = PBXShellScriptBuildPhase;
			buildActionMask = 2147483647;
			files = (
			);
			inputPaths = (
				"${PODS_PODFILE_DIR_PATH}/Podfile.lock",
				"${PODS_ROOT}/Manifest.lock",
			);
			name = "[CP] Check Pods Manifest.lock";
			outputPaths = (
				"$(DERIVED_FILE_DIR)/Pods-cabin-checkManifestLockResult.txt",
			);
			runOnlyForDeploymentPostprocessing = 0;
			shellPath = /bin/sh;
			shellScript = "diff \"${PODS_PODFILE_DIR_PATH}/Podfile.lock\" \"${PODS_ROOT}/Manifest.lock\" > /dev/null\nif [ $? != 0 ] ; then\n    # print error to STDERR\n    echo \"error: The sandbox is not in sync with the Podfile.lock. Run 'pod install' or update your CocoaPods installation.\" >&2\n    exit 1\nfi\n# This output is used by Xcode 'outputs' to avoid re-running this script phase.\necho \"SUCCESS\" > \"${SCRIPT_OUTPUT_FILE_0}\"\n";
			showEnvVarsInLog = 0;
		};
		8E7D82931BF2A2E9009C0CA2 /* Bundle React Native code and images */ = {
			isa = PBXShellScriptBuildPhase;
			buildActionMask = 12;
			files = (
			);
			inputPaths = (
			);
			name = "Bundle React Native code and images";
			outputPaths = (
			);
			runOnlyForDeploymentPostprocessing = 0;
			shellPath = /bin/sh;
			shellScript = "../node_modules/react-native/scripts/react-native-xcode.sh";
		};
/* End PBXShellScriptBuildPhase section */

/* Begin PBXSourcesBuildPhase section */
		13B07F871A680F5B00A75B9A /* Sources */ = {
			isa = PBXSourcesBuildPhase;
			buildActionMask = 2147483647;
			files = (
				A5A32C3C1DF1C8A8004D8475 /* RCTSRWebSocket+SSL.m in Sources */,
				A563997A1D48F5A9000C7C24 /* GRPCManager.m in Sources */,
				A517A8B71DB8CA7200526A06 /* Release+Dictionary.m in Sources */,
				13B07FBC1A68108700A75B9A /* AppDelegate.m in Sources */,
				A5EF5CCA1BD62590002D794B /* main.m in Sources */,
				A5839BD61D9C0D6C00A932EB /* SKPNetwork.m in Sources */,
			);
			runOnlyForDeploymentPostprocessing = 0;
		};
/* End PBXSourcesBuildPhase section */

/* Begin PBXTargetDependency section */
		A51517DE1F338BE900C51796 /* PBXTargetDependency */ = {
			isa = PBXTargetDependency;
			name = React;
			targetProxy = A51517DD1F338BE900C51796 /* PBXContainerItemProxy */;
		};
/* End PBXTargetDependency section */

/* Begin PBXVariantGroup section */
		13B07FB11A68108700A75B9A /* LaunchScreen.xib */ = {
			isa = PBXVariantGroup;
			children = (
				13B07FB21A68108700A75B9A /* Base */,
			);
			name = LaunchScreen.xib;
			sourceTree = "<group>";
		};
/* End PBXVariantGroup section */

/* Begin XCBuildConfiguration section */
		13B07F941A680F5B00A75B9A /* Debug */ = {
			isa = XCBuildConfiguration;
			baseConfigurationReference = F4F9286FABE3B654F48DB641 /* Pods-cabin.debug.xcconfig */;
			buildSettings = {
				ASSETCATALOG_COMPILER_APPICON_NAME = AppIcon;
				BUNDLE_LOADER = "";
				CODE_SIGN_ENTITLEMENTS = cabin/cabin.entitlements;
				CODE_SIGN_IDENTITY = "iPhone Developer";
				"CODE_SIGN_IDENTITY[sdk=iphoneos*]" = "iPhone Developer";
				DEVELOPMENT_TEAM = AF8A8LC6XQ;
				EMBEDDED_CONTENT_CONTAINS_SWIFT = NO;
				ENABLE_BITCODE = NO;
				FRAMEWORK_SEARCH_PATHS = (
					"$(inherited)",
					"$(PROJECT_DIR)",
					"$(PROJECT_DIR)/GoogleSdk",
				);
				HEADER_SEARCH_PATHS = (
					"$(inherited)",
					/Applications/Xcode.app/Contents/Developer/Toolchains/XcodeDefault.xctoolchain/usr/include,
					"$(SRCROOT)/../node_modules/react-native/React/**",
					"$(SRCROOT)/../node_modules/react-native/Libraries/**",
					"$(SRCROOT)/../node_modules/react-native-orientation/iOS/RCTOrientation/**",
					"$(SRCROOT)/../node_modules/react-native-fs/**",
					"$(SRCROOT)/../node_modules/react-native-config/ios/ReactNativeConfig",
					"$(SRCROOT)/../node_modules/react-native-fetch-blob/ios/**",
					"$(SRCROOT)/../node_modules/react-native-material-kit/iOS/RCTMaterialKit",
					"$(SRCROOT)/../node_modules/react-native-navigation/ios/**",
					"$(SRCROOT)/../node_modules/react-native-snackbar/ios",
					"$(SRCROOT)/../node_modules/react-native-google-signin/ios/RNGoogleSignin/**",
				);
				INFOPLIST_FILE = cabin/Info.plist;
				INFOPLIST_OTHER_PREPROCESSOR_FLAGS = "-traditional";
				INFOPLIST_PREFIX_HEADER = "${BUILD_DIR}/GeneratedInfoPlistDotEnv.h";
				INFOPLIST_PREPROCESS = YES;
				IPHONEOS_DEPLOYMENT_TARGET = 8.0;
				LD_RUNPATH_SEARCH_PATHS = "$(inherited) @executable_path/Frameworks";
				LIBRARY_SEARCH_PATHS = (
					"$(inherited)",
					"$(PROJECT_DIR)/build/Debug-iphoneos",
					"$(PROJECT_DIR)/build/Debug-iphoneos/Helm",
					"\"$(SRCROOT)/cabin\"",
				);
				OTHER_LDFLAGS = (
					"-ObjC",
					"$(inherited)",
					"-lc++",
				);
				PRODUCT_BUNDLE_IDENTIFIER = com.skippbox.cabin;
				PRODUCT_NAME = cabin;
				PROVISIONING_PROFILE = "a449b698-5046-4dfd-98b0-6821d5f3df4b";
				PROVISIONING_PROFILE_SPECIFIER = "Cabin Development";
				SWIFT_OBJC_BRIDGING_HEADER = "Cabin-Bridging-Header.h";
				TARGETED_DEVICE_FAMILY = "1,2";
			};
			name = Debug;
		};
		13B07F951A680F5B00A75B9A /* Release */ = {
			isa = XCBuildConfiguration;
			baseConfigurationReference = 5349BE4043A2232033F0A9C2 /* Pods-cabin.release.xcconfig */;
			buildSettings = {
				ASSETCATALOG_COMPILER_APPICON_NAME = AppIcon;
				BUNDLE_LOADER = "";
				CODE_SIGN_ENTITLEMENTS = cabin/cabin.entitlements;
				CODE_SIGN_IDENTITY = "iPhone Distribution";
				"CODE_SIGN_IDENTITY[sdk=iphoneos*]" = "iPhone Distribution";
				DEVELOPMENT_TEAM = AF8A8LC6XQ;
				EMBEDDED_CONTENT_CONTAINS_SWIFT = NO;
				ENABLE_BITCODE = NO;
				FRAMEWORK_SEARCH_PATHS = (
					"$(inherited)",
					"$(PROJECT_DIR)",
					"$(PROJECT_DIR)/GoogleSdk",
				);
				GCC_OPTIMIZATION_LEVEL = s;
				HEADER_SEARCH_PATHS = (
					"$(inherited)",
					/Applications/Xcode.app/Contents/Developer/Toolchains/XcodeDefault.xctoolchain/usr/include,
					"$(SRCROOT)/../node_modules/react-native/React/**",
					"$(SRCROOT)/../node_modules/react-native/Libraries/**",
					"$(SRCROOT)/../node_modules/react-native-orientation/iOS/RCTOrientation/**",
					"$(SRCROOT)/../node_modules/react-native-fs/**",
					"$(SRCROOT)/../node_modules/react-native-config/ios/ReactNativeConfig",
					"$(SRCROOT)/../node_modules/react-native-fetch-blob/ios/**",
					"$(SRCROOT)/../node_modules/react-native-material-kit/iOS/RCTMaterialKit",
					"$(SRCROOT)/../node_modules/react-native-navigation/ios/**",
					"$(SRCROOT)/../node_modules/react-native-snackbar/ios",
					"$(SRCROOT)/../node_modules/react-native-google-signin/ios/RNGoogleSignin/**",
				);
				INFOPLIST_FILE = cabin/Info.plist;
				INFOPLIST_OTHER_PREPROCESSOR_FLAGS = "-traditional";
				INFOPLIST_PREFIX_HEADER = "${BUILD_DIR}/GeneratedInfoPlistDotEnv.h";
				INFOPLIST_PREPROCESS = YES;
				IPHONEOS_DEPLOYMENT_TARGET = 8.0;
				LD_RUNPATH_SEARCH_PATHS = "$(inherited) @executable_path/Frameworks";
				LIBRARY_SEARCH_PATHS = (
					"$(inherited)",
					"$(PROJECT_DIR)/build/Debug-iphoneos",
					"$(PROJECT_DIR)/build/Debug-iphoneos/Helm",
					"\"$(SRCROOT)/cabin\"",
				);
				ONLY_ACTIVE_ARCH = NO;
				OTHER_LDFLAGS = (
					"-ObjC",
					"$(inherited)",
					"-lc++",
				);
				PRODUCT_BUNDLE_IDENTIFIER = com.skippbox.cabin;
				PRODUCT_NAME = cabin;
				PROVISIONING_PROFILE = "26634cd1-8905-4ac9-ad43-3ad93999a06a";
				PROVISIONING_PROFILE_SPECIFIER = "Cabin Distribution";
				SWIFT_OBJC_BRIDGING_HEADER = "Cabin-Bridging-Header.h";
				TARGETED_DEVICE_FAMILY = "1,2";
			};
			name = Release;
		};
		83CBBA201A601CBA00E9B192 /* Debug */ = {
			isa = XCBuildConfiguration;
			buildSettings = {
				ALWAYS_SEARCH_USER_PATHS = NO;
				CLANG_CXX_LANGUAGE_STANDARD = "gnu++0x";
				CLANG_CXX_LIBRARY = "libc++";
				CLANG_ENABLE_MODULES = YES;
				CLANG_ENABLE_OBJC_ARC = YES;
				CLANG_WARN_BOOL_CONVERSION = YES;
				CLANG_WARN_CONSTANT_CONVERSION = YES;
				CLANG_WARN_DIRECT_OBJC_ISA_USAGE = YES_ERROR;
				CLANG_WARN_EMPTY_BODY = YES;
				CLANG_WARN_ENUM_CONVERSION = YES;
				CLANG_WARN_INFINITE_RECURSION = YES;
				CLANG_WARN_INT_CONVERSION = YES;
				CLANG_WARN_OBJC_ROOT_CLASS = YES_ERROR;
				CLANG_WARN_SUSPICIOUS_MOVE = YES;
				CLANG_WARN_UNREACHABLE_CODE = YES;
				CLANG_WARN__DUPLICATE_METHOD_MATCH = YES;
				"CODE_SIGN_IDENTITY[sdk=iphoneos*]" = "iPhone Developer";
				COPY_PHASE_STRIP = NO;
				ENABLE_STRICT_OBJC_MSGSEND = YES;
				ENABLE_TESTABILITY = YES;
				GCC_C_LANGUAGE_STANDARD = gnu99;
				GCC_DYNAMIC_NO_PIC = NO;
				GCC_NO_COMMON_BLOCKS = YES;
				GCC_OPTIMIZATION_LEVEL = 0;
				GCC_PREPROCESSOR_DEFINITIONS = (
					"DEBUG=1",
					"$(inherited)",
				);
				GCC_SYMBOLS_PRIVATE_EXTERN = NO;
				GCC_WARN_64_TO_32_BIT_CONVERSION = YES;
				GCC_WARN_ABOUT_RETURN_TYPE = YES_ERROR;
				GCC_WARN_UNDECLARED_SELECTOR = YES;
				GCC_WARN_UNINITIALIZED_AUTOS = YES_AGGRESSIVE;
				GCC_WARN_UNUSED_FUNCTION = YES;
				GCC_WARN_UNUSED_VARIABLE = YES;
				HEADER_SEARCH_PATHS = (
					"$(inherited)",
					/Applications/Xcode.app/Contents/Developer/Toolchains/XcodeDefault.xctoolchain/usr/include,
					"$(SRCROOT)/../node_modules/react-native/React/**",
					"$(SRCROOT)/../node_modules/react-native-user-defaults",
					"$(SRCROOT)/../node_modules/react-native-orientation/iOS/RCTOrientation/**",
					"$(SRCROOT)/../node_modules/react-native-google-signin/ios/RNGoogleSignin/**",
					"$(SRCROOT)/../node_modules/react-native-material-kit/iOS/RCTMaterialKit",
					"$(SRCROOT)/../node_modules/react-native-fs/**",
				);
				IPHONEOS_DEPLOYMENT_TARGET = 8.0;
				MTL_ENABLE_DEBUG_INFO = YES;
				ONLY_ACTIVE_ARCH = YES;
				SDKROOT = iphoneos;
				TARGETED_DEVICE_FAMILY = "1,2";
			};
			name = Debug;
		};
		83CBBA211A601CBA00E9B192 /* Release */ = {
			isa = XCBuildConfiguration;
			buildSettings = {
				ALWAYS_SEARCH_USER_PATHS = NO;
				CLANG_CXX_LANGUAGE_STANDARD = "gnu++0x";
				CLANG_CXX_LIBRARY = "libc++";
				CLANG_ENABLE_MODULES = YES;
				CLANG_ENABLE_OBJC_ARC = YES;
				CLANG_WARN_BOOL_CONVERSION = YES;
				CLANG_WARN_CONSTANT_CONVERSION = YES;
				CLANG_WARN_DIRECT_OBJC_ISA_USAGE = YES_ERROR;
				CLANG_WARN_EMPTY_BODY = YES;
				CLANG_WARN_ENUM_CONVERSION = YES;
				CLANG_WARN_INFINITE_RECURSION = YES;
				CLANG_WARN_INT_CONVERSION = YES;
				CLANG_WARN_OBJC_ROOT_CLASS = YES_ERROR;
				CLANG_WARN_SUSPICIOUS_MOVE = YES;
				CLANG_WARN_UNREACHABLE_CODE = YES;
				CLANG_WARN__DUPLICATE_METHOD_MATCH = YES;
				"CODE_SIGN_IDENTITY[sdk=iphoneos*]" = "iPhone Developer";
				COPY_PHASE_STRIP = YES;
				ENABLE_NS_ASSERTIONS = NO;
				ENABLE_STRICT_OBJC_MSGSEND = YES;
				GCC_C_LANGUAGE_STANDARD = gnu99;
				GCC_NO_COMMON_BLOCKS = YES;
				GCC_WARN_64_TO_32_BIT_CONVERSION = YES;
				GCC_WARN_ABOUT_RETURN_TYPE = YES_ERROR;
				GCC_WARN_UNDECLARED_SELECTOR = YES;
				GCC_WARN_UNINITIALIZED_AUTOS = YES_AGGRESSIVE;
				GCC_WARN_UNUSED_FUNCTION = YES;
				GCC_WARN_UNUSED_VARIABLE = YES;
				HEADER_SEARCH_PATHS = (
					"$(inherited)",
					/Applications/Xcode.app/Contents/Developer/Toolchains/XcodeDefault.xctoolchain/usr/include,
					"$(SRCROOT)/../node_modules/react-native/React/**",
					"$(SRCROOT)/../node_modules/react-native-user-defaults",
					"$(SRCROOT)/../node_modules/react-native-orientation/iOS/RCTOrientation/**",
					"$(SRCROOT)/../node_modules/react-native-google-signin/ios/RNGoogleSignin/**",
					"$(SRCROOT)/../node_modules/react-native-material-kit/iOS/RCTMaterialKit",
					"$(SRCROOT)/../node_modules/react-native-fs/**",
				);
				IPHONEOS_DEPLOYMENT_TARGET = 8.0;
				MTL_ENABLE_DEBUG_INFO = NO;
				SDKROOT = iphoneos;
				TARGETED_DEVICE_FAMILY = "1,2";
				VALIDATE_PRODUCT = YES;
			};
			name = Release;
		};
/* End XCBuildConfiguration section */

/* Begin XCConfigurationList section */
		13B07F931A680F5B00A75B9A /* Build configuration list for PBXNativeTarget "cabin" */ = {
			isa = XCConfigurationList;
			buildConfigurations = (
				13B07F941A680F5B00A75B9A /* Debug */,
				13B07F951A680F5B00A75B9A /* Release */,
			);
			defaultConfigurationIsVisible = 0;
			defaultConfigurationName = Release;
		};
		83CBB9FA1A601CBA00E9B192 /* Build configuration list for PBXProject "cabin" */ = {
			isa = XCConfigurationList;
			buildConfigurations = (
				83CBBA201A601CBA00E9B192 /* Debug */,
				83CBBA211A601CBA00E9B192 /* Release */,
			);
			defaultConfigurationIsVisible = 0;
			defaultConfigurationName = Release;
		};
/* End XCConfigurationList section */
	};
	rootObject = 83CBB9F71A601CBA00E9B192 /* Project object */;
}
